// !$*UTF8*$!
{
	archiveVersion = 1;
	classes = {
	};
	objectVersion = 51;
	objects = {

/* Begin PBXBuildFile section */
		75107854C242F932AC7272F6 /* Pods_SimpleRSSReader.framework in Frameworks */ = {isa = PBXBuildFile; fileRef = C2C89C7ACE3F3F17B998B4AA /* Pods_SimpleRSSReader.framework */; };
		FF529B1226497D5800C3807F /* AppDelegate.swift in Sources */ = {isa = PBXBuildFile; fileRef = FF529B1126497D5800C3807F /* AppDelegate.swift */; };
		FF529B1426497D5800C3807F /* SceneDelegate.swift in Sources */ = {isa = PBXBuildFile; fileRef = FF529B1326497D5800C3807F /* SceneDelegate.swift */; };
		FF529B1626497D5800C3807F /* ViewController.swift in Sources */ = {isa = PBXBuildFile; fileRef = FF529B1526497D5800C3807F /* ViewController.swift */; };
		FF529B1926497D5800C3807F /* Main.storyboard in Resources */ = {isa = PBXBuildFile; fileRef = FF529B1726497D5800C3807F /* Main.storyboard */; };
		FF529B1B26497D5900C3807F /* Assets.xcassets in Resources */ = {isa = PBXBuildFile; fileRef = FF529B1A26497D5900C3807F /* Assets.xcassets */; };
		FF529B1E26497D5900C3807F /* LaunchScreen.storyboard in Resources */ = {isa = PBXBuildFile; fileRef = FF529B1C26497D5900C3807F /* LaunchScreen.storyboard */; };
		FF529B2A2649828900C3807F /* RSSParser.swift in Sources */ = {isa = PBXBuildFile; fileRef = FF529B292649828900C3807F /* RSSParser.swift */; };
/* End PBXBuildFile section */

/* Begin PBXFileReference section */
		771A6E9994245A9C2756CD55 /* Pods-SimpleRSSReader.debug.xcconfig */ = {isa = PBXFileReference; includeInIndex = 1; lastKnownFileType = text.xcconfig; name = "Pods-SimpleRSSReader.debug.xcconfig"; path = "Target Support Files/Pods-SimpleRSSReader/Pods-SimpleRSSReader.debug.xcconfig"; sourceTree = "<group>"; };
		BBDD9240C01554B5BAEA5689 /* Pods-SimpleRSSReader.release.xcconfig */ = {isa = PBXFileReference; includeInIndex = 1; lastKnownFileType = text.xcconfig; name = "Pods-SimpleRSSReader.release.xcconfig"; path = "Target Support Files/Pods-SimpleRSSReader/Pods-SimpleRSSReader.release.xcconfig"; sourceTree = "<group>"; };
		C2C89C7ACE3F3F17B998B4AA /* Pods_SimpleRSSReader.framework */ = {isa = PBXFileReference; explicitFileType = wrapper.framework; includeInIndex = 0; path = Pods_SimpleRSSReader.framework; sourceTree = BUILT_PRODUCTS_DIR; };
		FF529B0E26497D5800C3807F /* SimpleRSSReader.app */ = {isa = PBXFileReference; explicitFileType = wrapper.application; includeInIndex = 0; path = SimpleRSSReader.app; sourceTree = BUILT_PRODUCTS_DIR; };
		FF529B1126497D5800C3807F /* AppDelegate.swift */ = {isa = PBXFileReference; lastKnownFileType = sourcecode.swift; path = AppDelegate.swift; sourceTree = "<group>"; };
		FF529B1326497D5800C3807F /* SceneDelegate.swift */ = {isa = PBXFileReference; lastKnownFileType = sourcecode.swift; path = SceneDelegate.swift; sourceTree = "<group>"; };
		FF529B1526497D5800C3807F /* ViewController.swift */ = {isa = PBXFileReference; lastKnownFileType = sourcecode.swift; path = ViewController.swift; sourceTree = "<group>"; };
		FF529B1826497D5800C3807F /* Base */ = {isa = PBXFileReference; lastKnownFileType = file.storyboard; name = Base; path = Base.lproj/Main.storyboard; sourceTree = "<group>"; };
		FF529B1A26497D5900C3807F /* Assets.xcassets */ = {isa = PBXFileReference; lastKnownFileType = folder.assetcatalog; path = Assets.xcassets; sourceTree = "<group>"; };
		FF529B1D26497D5900C3807F /* Base */ = {isa = PBXFileReference; lastKnownFileType = file.storyboard; name = Base; path = Base.lproj/LaunchScreen.storyboard; sourceTree = "<group>"; };
		FF529B1F26497D5900C3807F /* Info.plist */ = {isa = PBXFileReference; lastKnownFileType = text.plist.xml; path = Info.plist; sourceTree = "<group>"; };
		FF529B292649828900C3807F /* RSSParser.swift */ = {isa = PBXFileReference; lastKnownFileType = sourcecode.swift; path = RSSParser.swift; sourceTree = "<group>"; };
/* End PBXFileReference section */

/* Begin PBXFrameworksBuildPhase section */
		FF529B0B26497D5800C3807F /* Frameworks */ = {
			isa = PBXFrameworksBuildPhase;
			buildActionMask = 2147483647;
			files = (
				75107854C242F932AC7272F6 /* Pods_SimpleRSSReader.framework in Frameworks */,
			);
			runOnlyForDeploymentPostprocessing = 0;
		};
/* End PBXFrameworksBuildPhase section */

/* Begin PBXGroup section */
		0D1E307D09882F52508F9FA3 /* Frameworks */ = {
			isa = PBXGroup;
			children = (
				C2C89C7ACE3F3F17B998B4AA /* Pods_SimpleRSSReader.framework */,
			);
			name = Frameworks;
			sourceTree = "<group>";
		};
		581A1EE7C0550A99473588B7 /* Pods */ = {
			isa = PBXGroup;
			children = (
				771A6E9994245A9C2756CD55 /* Pods-SimpleRSSReader.debug.xcconfig */,
				BBDD9240C01554B5BAEA5689 /* Pods-SimpleRSSReader.release.xcconfig */,
			);
			path = Pods;
			sourceTree = "<group>";
		};
		FF529B0526497D5800C3807F = {
			isa = PBXGroup;
			children = (
				FF529B1026497D5800C3807F /* SimpleRSSReader */,
				FF529B0F26497D5800C3807F /* Products */,
				581A1EE7C0550A99473588B7 /* Pods */,
				0D1E307D09882F52508F9FA3 /* Frameworks */,
			);
			sourceTree = "<group>";
		};
		FF529B0F26497D5800C3807F /* Products */ = {
			isa = PBXGroup;
			children = (
				FF529B0E26497D5800C3807F /* SimpleRSSReader.app */,
			);
			name = Products;
			sourceTree = "<group>";
		};
		FF529B1026497D5800C3807F /* SimpleRSSReader */ = {
			isa = PBXGroup;
			children = (
				FF529B1126497D5800C3807F /* AppDelegate.swift */,
				FF529B1326497D5800C3807F /* SceneDelegate.swift */,
				FF529B1526497D5800C3807F /* ViewController.swift */,
				FF529B292649828900C3807F /* RSSParser.swift */,
				FF529B1726497D5800C3807F /* Main.storyboard */,
				FF529B1A26497D5900C3807F /* Assets.xcassets */,
				FF529B1C26497D5900C3807F /* LaunchScreen.storyboard */,
				FF529B1F26497D5900C3807F /* Info.plist */,
			);
			path = SimpleRSSReader;
			sourceTree = "<group>";
		};
/* End PBXGroup section */

/* Begin PBXNativeTarget section */
		FF529B0D26497D5800C3807F /* SimpleRSSReader */ = {
			isa = PBXNativeTarget;
			buildConfigurationList = FF529B2226497D5900C3807F /* Build configuration list for PBXNativeTarget "SimpleRSSReader" */;
			buildPhases = (
				51CE18A1045BD44348447950 /* [CP] Check Pods Manifest.lock */,
				FF529B0A26497D5800C3807F /* Sources */,
				FF529B0B26497D5800C3807F /* Frameworks */,
				FF529B0C26497D5800C3807F /* Resources */,
				9485E68F29AB888B2A5925ED /* [CP] Embed Pods Frameworks */,
			);
			buildRules = (
			);
			dependencies = (
			);
			name = SimpleRSSReader;
			productName = SimpleRSSReader;
			productReference = FF529B0E26497D5800C3807F /* SimpleRSSReader.app */;
			productType = "com.apple.product-type.application";
		};
/* End PBXNativeTarget section */

/* Begin PBXProject section */
		FF529B0626497D5800C3807F /* Project object */ = {
			isa = PBXProject;
			attributes = {
				LastSwiftUpdateCheck = 1240;
				LastUpgradeCheck = 1240;
				TargetAttributes = {
					FF529B0D26497D5800C3807F = {
						CreatedOnToolsVersion = 12.4;
					};
				};
			};
			buildConfigurationList = FF529B0926497D5800C3807F /* Build configuration list for PBXProject "SimpleRSSReader" */;
			compatibilityVersion = "Xcode 9.3";
			developmentRegion = en;
			hasScannedForEncodings = 0;
			knownRegions = (
				en,
				Base,
			);
			mainGroup = FF529B0526497D5800C3807F;
			productRefGroup = FF529B0F26497D5800C3807F /* Products */;
			projectDirPath = "";
			projectRoot = "";
			targets = (
				FF529B0D26497D5800C3807F /* SimpleRSSReader */,
			);
		};
/* End PBXProject section */

/* Begin PBXResourcesBuildPhase section */
		FF529B0C26497D5800C3807F /* Resources */ = {
			isa = PBXResourcesBuildPhase;
			buildActionMask = 2147483647;
			files = (
				FF529B1E26497D5900C3807F /* LaunchScreen.storyboard in Resources */,
				FF529B1B26497D5900C3807F /* Assets.xcassets in Resources */,
				FF529B1926497D5800C3807F /* Main.storyboard in Resources */,
			);
			runOnlyForDeploymentPostprocessing = 0;
		};
/* End PBXResourcesBuildPhase section */

/* Begin PBXShellScriptBuildPhase section */
		51CE18A1045BD44348447950 /* [CP] Check Pods Manifest.lock */ = {
			isa = PBXShellScriptBuildPhase;
			buildActionMask = 2147483647;
			files = (
			);
			inputFileListPaths = (
			);
			inputPaths = (
				"${PODS_PODFILE_DIR_PATH}/Podfile.lock",
				"${PODS_ROOT}/Manifest.lock",
			);
			name = "[CP] Check Pods Manifest.lock";
			outputFileListPaths = (
			);
			outputPaths = (
				"$(DERIVED_FILE_DIR)/Pods-SimpleRSSReader-checkManifestLockResult.txt",
			);
			runOnlyForDeploymentPostprocessing = 0;
			shellPath = /bin/sh;
			shellScript = "diff \"${PODS_PODFILE_DIR_PATH}/Podfile.lock\" \"${PODS_ROOT}/Manifest.lock\" > /dev/null\nif [ $? != 0 ] ; then\n    # print error to STDERR\n    echo \"error: The sandbox is not in sync with the Podfile.lock. Run 'pod install' or update your CocoaPods installation.\" >&2\n    exit 1\nfi\n# This output is used by Xcode 'outputs' to avoid re-running this script phase.\necho \"SUCCESS\" > \"${SCRIPT_OUTPUT_FILE_0}\"\n";
			showEnvVarsInLog = 0;
		};
		9485E68F29AB888B2A5925ED /* [CP] Embed Pods Frameworks */ = {
			isa = PBXShellScriptBuildPhase;
			buildActionMask = 2147483647;
			files = (
			);
			inputFileListPaths = (
				"${PODS_ROOT}/Target Support Files/Pods-SimpleRSSReader/Pods-SimpleRSSReader-frameworks-${CONFIGURATION}-input-files.xcfilelist",
			);
			name = "[CP] Embed Pods Frameworks";
			outputFileListPaths = (
				"${PODS_ROOT}/Target Support Files/Pods-SimpleRSSReader/Pods-SimpleRSSReader-frameworks-${CONFIGURATION}-output-files.xcfilelist",
			);
			runOnlyForDeploymentPostprocessing = 0;
			shellPath = /bin/sh;
			shellScript = "\"${PODS_ROOT}/Target Support Files/Pods-SimpleRSSReader/Pods-SimpleRSSReader-frameworks.sh\"\n";
			showEnvVarsInLog = 0;
		};
/* End PBXShellScriptBuildPhase section */

/* Begin PBXSourcesBuildPhase section */
		FF529B0A26497D5800C3807F /* Sources */ = {
			isa = PBXSourcesBuildPhase;
			buildActionMask = 2147483647;
			files = (
				FF529B1626497D5800C3807F /* ViewController.swift in Sources */,
				FF529B1226497D5800C3807F /* AppDelegate.swift in Sources */,
				FF529B2A2649828900C3807F /* RSSParser.swift in Sources */,
				FF529B1426497D5800C3807F /* SceneDelegate.swift in Sources */,
			);
			runOnlyForDeploymentPostprocessing = 0;
		};
/* End PBXSourcesBuildPhase section */

/* Begin PBXVariantGroup section */
		FF529B1726497D5800C3807F /* Main.storyboard */ = {
			isa = PBXVariantGroup;
			children = (
				FF529B1826497D5800C3807F /* Base */,
			);
			name = Main.storyboard;
			sourceTree = "<group>";
		};
		FF529B1C26497D5900C3807F /* LaunchScreen.storyboard */ = {
			isa = PBXVariantGroup;
			children = (
				FF529B1D26497D5900C3807F /* Base */,
			);
			name = LaunchScreen.storyboard;
			sourceTree = "<group>";
		};
/* End PBXVariantGroup section */

/* Begin XCBuildConfiguration section */
		FF529B2026497D5900C3807F /* Debug */ = {
			isa = XCBuildConfiguration;
			buildSettings = {
				ALWAYS_SEARCH_USER_PATHS = NO;
				CLANG_ANALYZER_NONNULL = YES;
				CLANG_ANALYZER_NUMBER_OBJECT_CONVERSION = YES_AGGRESSIVE;
				CLANG_CXX_LANGUAGE_STANDARD = "gnu++14";
				CLANG_CXX_LIBRARY = "libc++";
				CLANG_ENABLE_MODULES = YES;
				CLANG_ENABLE_OBJC_ARC = YES;
				CLANG_ENABLE_OBJC_WEAK = YES;
				CLANG_WARN_BLOCK_CAPTURE_AUTORELEASING = YES;
				CLANG_WARN_BOOL_CONVERSION = YES;
				CLANG_WARN_COMMA = YES;
				CLANG_WARN_CONSTANT_CONVERSION = YES;
				CLANG_WARN_DEPRECATED_OBJC_IMPLEMENTATIONS = YES;
				CLANG_WARN_DIRECT_OBJC_ISA_USAGE = YES_ERROR;
				CLANG_WARN_DOCUMENTATION_COMMENTS = YES;
				CLANG_WARN_EMPTY_BODY = YES;
				CLANG_WARN_ENUM_CONVERSION = YES;
				CLANG_WARN_INFINITE_RECURSION = YES;
				CLANG_WARN_INT_CONVERSION = YES;
				CLANG_WARN_NON_LITERAL_NULL_CONVERSION = YES;
				CLANG_WARN_OBJC_IMPLICIT_RETAIN_SELF = YES;
				CLANG_WARN_OBJC_LITERAL_CONVERSION = YES;
				CLANG_WARN_OBJC_ROOT_CLASS = YES_ERROR;
				CLANG_WARN_QUOTED_INCLUDE_IN_FRAMEWORK_HEADER = YES;
				CLANG_WARN_RANGE_LOOP_ANALYSIS = YES;
				CLANG_WARN_STRICT_PROTOTYPES = YES;
				CLANG_WARN_SUSPICIOUS_MOVE = YES;
				CLANG_WARN_UNGUARDED_AVAILABILITY = YES_AGGRESSIVE;
				CLANG_WARN_UNREACHABLE_CODE = YES;
				CLANG_WARN__DUPLICATE_METHOD_MATCH = YES;
				COPY_PHASE_STRIP = NO;
				DEBUG_INFORMATION_FORMAT = dwarf;
				ENABLE_STRICT_OBJC_MSGSEND = YES;
				ENABLE_TESTABILITY = YES;
				GCC_C_LANGUAGE_STANDARD = gnu11;
				GCC_DYNAMIC_NO_PIC = NO;
				GCC_NO_COMMON_BLOCKS = YES;
				GCC_OPTIMIZATION_LEVEL = 0;
				GCC_PREPROCESSOR_DEFINITIONS = (
					"DEBUG=1",
					"$(inherited)",
				);
				GCC_WARN_64_TO_32_BIT_CONVERSION = YES;
				GCC_WARN_ABOUT_RETURN_TYPE = YES_ERROR;
				GCC_WARN_UNDECLARED_SELECTOR = YES;
				GCC_WARN_UNINITIALIZED_AUTOS = YES_AGGRESSIVE;
				GCC_WARN_UNUSED_FUNCTION = YES;
				GCC_WARN_UNUSED_VARIABLE = YES;
				IPHONEOS_DEPLOYMENT_TARGET = 14.4;
				MTL_ENABLE_DEBUG_INFO = INCLUDE_SOURCE;
				MTL_FAST_MATH = YES;
				ONLY_ACTIVE_ARCH = YES;
				SDKROOT = iphoneos;
				SWIFT_ACTIVE_COMPILATION_CONDITIONS = DEBUG;
				SWIFT_OPTIMIZATION_LEVEL = "-Onone";
			};
			name = Debug;
		};
		FF529B2126497D5900C3807F /* Release */ = {
			isa = XCBuildConfiguration;
			buildSettings = {
				ALWAYS_SEARCH_USER_PATHS = NO;
				CLANG_ANALYZER_NONNULL = YES;
				CLANG_ANALYZER_NUMBER_OBJECT_CONVERSION = YES_AGGRESSIVE;
				CLANG_CXX_LANGUAGE_STANDARD = "gnu++14";
				CLANG_CXX_LIBRARY = "libc++";
				CLANG_ENABLE_MODULES = YES;
				CLANG_ENABLE_OBJC_ARC = YES;
				CLANG_ENABLE_OBJC_WEAK = YES;
				CLANG_WARN_BLOCK_CAPTURE_AUTORELEASING = YES;
				CLANG_WARN_BOOL_CONVERSION = YES;
				CLANG_WARN_COMMA = YES;
				CLANG_WARN_CONSTANT_CONVERSION = YES;
				CLANG_WARN_DEPRECATED_OBJC_IMPLEMENTATIONS = YES;
				CLANG_WARN_DIRECT_OBJC_ISA_USAGE = YES_ERROR;
				CLANG_WARN_DOCUMENTATION_COMMENTS = YES;
				CLANG_WARN_EMPTY_BODY = YES;
				CLANG_WARN_ENUM_CONVERSION = YES;
				CLANG_WARN_INFINITE_RECURSION = YES;
				CLANG_WARN_INT_CONVERSION = YES;
				CLANG_WARN_NON_LITERAL_NULL_CONVERSION = YES;
				CLANG_WARN_OBJC_IMPLICIT_RETAIN_SELF = YES;
				CLANG_WARN_OBJC_LITERAL_CONVERSION = YES;
				CLANG_WARN_OBJC_ROOT_CLASS = YES_ERROR;
				CLANG_WARN_QUOTED_INCLUDE_IN_FRAMEWORK_HEADER = YES;
				CLANG_WARN_RANGE_LOOP_ANALYSIS = YES;
				CLANG_WARN_STRICT_PROTOTYPES = YES;
				CLANG_WARN_SUSPICIOUS_MOVE = YES;
				CLANG_WARN_UNGUARDED_AVAILABILITY = YES_AGGRESSIVE;
				CLANG_WARN_UNREACHABLE_CODE = YES;
				CLANG_WARN__DUPLICATE_METHOD_MATCH = YES;
				COPY_PHASE_STRIP = NO;
				DEBUG_INFORMATION_FORMAT = "dwarf-with-dsym";
				ENABLE_NS_ASSERTIONS = NO;
				ENABLE_STRICT_OBJC_MSGSEND = YES;
				GCC_C_LANGUAGE_STANDARD = gnu11;
				GCC_NO_COMMON_BLOCKS = YES;
				GCC_WARN_64_TO_32_BIT_CONVERSION = YES;
				GCC_WARN_ABOUT_RETURN_TYPE = YES_ERROR;
				GCC_WARN_UNDECLARED_SELECTOR = YES;
				GCC_WARN_UNINITIALIZED_AUTOS = YES_AGGRESSIVE;
				GCC_WARN_UNUSED_FUNCTION = YES;
				GCC_WARN_UNUSED_VARIABLE = YES;
				IPHONEOS_DEPLOYMENT_TARGET = 14.4;
				MTL_ENABLE_DEBUG_INFO = NO;
				MTL_FAST_MATH = YES;
				SDKROOT = iphoneos;
				SWIFT_COMPILATION_MODE = wholemodule;
				SWIFT_OPTIMIZATION_LEVEL = "-O";
				VALIDATE_PRODUCT = YES;
			};
			name = Release;
		};
		FF529B2326497D5900C3807F /* Debug */ = {
			isa = XCBuildConfiguration;
			baseConfigurationReference = 771A6E9994245A9C2756CD55 /* Pods-SimpleRSSReader.debug.xcconfig */;
			buildSettings = {
				ASSETCATALOG_COMPILER_APPICON_NAME = AppIcon;
				ASSETCATALOG_COMPILER_GLOBAL_ACCENT_COLOR_NAME = AccentColor;
				CODE_SIGN_STYLE = Automatic;
				INFOPLIST_FILE = SimpleRSSReader/Info.plist;
				LD_RUNPATH_SEARCH_PATHS = (
					"$(inherited)",
					"@executable_path/Frameworks",
				);
				PRODUCT_BUNDLE_IDENTIFIER = training.SimpleRSSReader;
				PRODUCT_NAME = "$(TARGET_NAME)";
				SWIFT_VERSION = 5.0;
				TARGETED_DEVICE_FAMILY = "1,2";
			};
			name = Debug;
		};
		FF529B2426497D5900C3807F /* Release */ = {
			isa = XCBuildConfiguration;
			baseConfigurationReference = BBDD9240C01554B5BAEA5689 /* Pods-SimpleRSSReader.release.xcconfig */;
			buildSettings = {
				ASSETCATALOG_COMPILER_APPICON_NAME = AppIcon;
				ASSETCATALOG_COMPILER_GLOBAL_ACCENT_COLOR_NAME = AccentColor;
				CODE_SIGN_STYLE = Automatic;
				INFOPLIST_FILE = SimpleRSSReader/Info.plist;
				LD_RUNPATH_SEARCH_PATHS = (
					"$(inherited)",
					"@executable_path/Frameworks",
				);
				PRODUCT_BUNDLE_IDENTIFIER = training.SimpleRSSReader;
				PRODUCT_NAME = "$(TARGET_NAME)";
				SWIFT_VERSION = 5.0;
				TARGETED_DEVICE_FAMILY = "1,2";
			};
			name = Release;
		};
/* End XCBuildConfiguration section */

/* Begin XCConfigurationList section */
		FF529B0926497D5800C3807F /* Build configuration list for PBXProject "SimpleRSSReader" */ = {
			isa = XCConfigurationList;
			buildConfigurations = (
				FF529B2026497D5900C3807F /* Debug */,
				FF529B2126497D5900C3807F /* Release */,
			);
			defaultConfigurationIsVisible = 0;
			defaultConfigurationName = Release;
		};
		FF529B2226497D5900C3807F /* Build configuration list for PBXNativeTarget "SimpleRSSReader" */ = {
			isa = XCConfigurationList;
			buildConfigurations = (
				FF529B2326497D5900C3807F /* Debug */,
				FF529B2426497D5900C3807F /* Release */,
			);
			defaultConfigurationIsVisible = 0;
			defaultConfigurationName = Release;
		};
/* End XCConfigurationList section */
	};
	rootObject = FF529B0626497D5800C3807F /* Project object */;
}
