// !$*UTF8*$!
{
	archiveVersion = 1;
	classes = {
	};
	objectVersion = 51;
	objects = {

/* Begin PBXBuildFile section */
		8888393EDAB29731493F0451 /* Pods_weatherToday.framework in Frameworks */ = {isa = PBXBuildFile; fileRef = A0CB2DE0E51E16886173B118 /* Pods_weatherToday.framework */; };
		FF5A2A6725DC2F3D0029A3DF /* AppDelegate.swift in Sources */ = {isa = PBXBuildFile; fileRef = FF5A2A6625DC2F3D0029A3DF /* AppDelegate.swift */; };
		FF5A2A6925DC2F3D0029A3DF /* SceneDelegate.swift in Sources */ = {isa = PBXBuildFile; fileRef = FF5A2A6825DC2F3D0029A3DF /* SceneDelegate.swift */; };
		FF5A2A7025DC2F3E0029A3DF /* Assets.xcassets in Resources */ = {isa = PBXBuildFile; fileRef = FF5A2A6F25DC2F3E0029A3DF /* Assets.xcassets */; };
		FF5A2A8125DC434B0029A3DF /* CountryListViewController.swift in Sources */ = {isa = PBXBuildFile; fileRef = FF5A2A8025DC434B0029A3DF /* CountryListViewController.swift */; };
		FF5A2A8625DC46F40029A3DF /* CountryCell.swift in Sources */ = {isa = PBXBuildFile; fileRef = FF5A2A8525DC46F40029A3DF /* CountryCell.swift */; };
		FF5A2A8A25DC49EA0029A3DF /* CountryModel.swift in Sources */ = {isa = PBXBuildFile; fileRef = FF5A2A8925DC49EA0029A3DF /* CountryModel.swift */; };
		FF5A2A9625DCAA210029A3DF /* CityListViewController.swift in Sources */ = {isa = PBXBuildFile; fileRef = FF5A2A9525DCAA210029A3DF /* CityListViewController.swift */; };
		FF5A2A9F25DCAB8C0029A3DF /* CityModel.swift in Sources */ = {isa = PBXBuildFile; fileRef = FF5A2A9E25DCAB8C0029A3DF /* CityModel.swift */; };
/* End PBXBuildFile section */

/* Begin PBXFileReference section */
		00F65AC34F6D96B4162AAD70 /* Pods-weatherToday.release.xcconfig */ = {isa = PBXFileReference; includeInIndex = 1; lastKnownFileType = text.xcconfig; name = "Pods-weatherToday.release.xcconfig"; path = "Target Support Files/Pods-weatherToday/Pods-weatherToday.release.xcconfig"; sourceTree = "<group>"; };
		4400E88D25F079F660AA6C5B /* Pods-weatherToday.debug.xcconfig */ = {isa = PBXFileReference; includeInIndex = 1; lastKnownFileType = text.xcconfig; name = "Pods-weatherToday.debug.xcconfig"; path = "Target Support Files/Pods-weatherToday/Pods-weatherToday.debug.xcconfig"; sourceTree = "<group>"; };
		A0CB2DE0E51E16886173B118 /* Pods_weatherToday.framework */ = {isa = PBXFileReference; explicitFileType = wrapper.framework; includeInIndex = 0; path = Pods_weatherToday.framework; sourceTree = BUILT_PRODUCTS_DIR; };
		FF5A2A6325DC2F3D0029A3DF /* weatherToday.app */ = {isa = PBXFileReference; explicitFileType = wrapper.application; includeInIndex = 0; path = weatherToday.app; sourceTree = BUILT_PRODUCTS_DIR; };
		FF5A2A6625DC2F3D0029A3DF /* AppDelegate.swift */ = {isa = PBXFileReference; lastKnownFileType = sourcecode.swift; path = AppDelegate.swift; sourceTree = "<group>"; };
		FF5A2A6825DC2F3D0029A3DF /* SceneDelegate.swift */ = {isa = PBXFileReference; lastKnownFileType = sourcecode.swift; path = SceneDelegate.swift; sourceTree = "<group>"; };
		FF5A2A6F25DC2F3E0029A3DF /* Assets.xcassets */ = {isa = PBXFileReference; lastKnownFileType = folder.assetcatalog; path = Assets.xcassets; sourceTree = "<group>"; };
		FF5A2A7425DC2F3E0029A3DF /* Info.plist */ = {isa = PBXFileReference; lastKnownFileType = text.plist.xml; path = Info.plist; sourceTree = "<group>"; };
		FF5A2A8025DC434B0029A3DF /* CountryListViewController.swift */ = {isa = PBXFileReference; lastKnownFileType = sourcecode.swift; path = CountryListViewController.swift; sourceTree = "<group>"; };
		FF5A2A8525DC46F40029A3DF /* CountryCell.swift */ = {isa = PBXFileReference; lastKnownFileType = sourcecode.swift; path = CountryCell.swift; sourceTree = "<group>"; };
		FF5A2A8925DC49EA0029A3DF /* CountryModel.swift */ = {isa = PBXFileReference; lastKnownFileType = sourcecode.swift; path = CountryModel.swift; sourceTree = "<group>"; };
		FF5A2A9525DCAA210029A3DF /* CityListViewController.swift */ = {isa = PBXFileReference; lastKnownFileType = sourcecode.swift; path = CityListViewController.swift; sourceTree = "<group>"; };
		FF5A2A9E25DCAB8C0029A3DF /* CityModel.swift */ = {isa = PBXFileReference; lastKnownFileType = sourcecode.swift; path = CityModel.swift; sourceTree = "<group>"; };
/* End PBXFileReference section */

/* Begin PBXFrameworksBuildPhase section */
		FF5A2A6025DC2F3D0029A3DF /* Frameworks */ = {
			isa = PBXFrameworksBuildPhase;
			buildActionMask = 2147483647;
			files = (
				8888393EDAB29731493F0451 /* Pods_weatherToday.framework in Frameworks */,
			);
			runOnlyForDeploymentPostprocessing = 0;
		};
/* End PBXFrameworksBuildPhase section */

/* Begin PBXGroup section */
		08BFF44A4B4F77849EB92407 /* Frameworks */ = {
			isa = PBXGroup;
			children = (
				A0CB2DE0E51E16886173B118 /* Pods_weatherToday.framework */,
			);
			name = Frameworks;
			sourceTree = "<group>";
		};
		26EFD2FE2F5673A160291FAD /* Pods */ = {
			isa = PBXGroup;
			children = (
				4400E88D25F079F660AA6C5B /* Pods-weatherToday.debug.xcconfig */,
				00F65AC34F6D96B4162AAD70 /* Pods-weatherToday.release.xcconfig */,
			);
			path = Pods;
			sourceTree = "<group>";
		};
		FF5A2A5A25DC2F3D0029A3DF = {
			isa = PBXGroup;
			children = (
				FF5A2A6525DC2F3D0029A3DF /* weatherToday */,
				FF5A2A6425DC2F3D0029A3DF /* Products */,
				26EFD2FE2F5673A160291FAD /* Pods */,
				08BFF44A4B4F77849EB92407 /* Frameworks */,
			);
			sourceTree = "<group>";
		};
		FF5A2A6425DC2F3D0029A3DF /* Products */ = {
			isa = PBXGroup;
			children = (
				FF5A2A6325DC2F3D0029A3DF /* weatherToday.app */,
			);
			name = Products;
			sourceTree = "<group>";
		};
		FF5A2A6525DC2F3D0029A3DF /* weatherToday */ = {
			isa = PBXGroup;
			children = (
				FF5A2A6625DC2F3D0029A3DF /* AppDelegate.swift */,
				FF5A2A6825DC2F3D0029A3DF /* SceneDelegate.swift */,
				FF5A2A9425DCAA0A0029A3DF /* cities */,
				FF5A2A8425DC46D00029A3DF /* main */,
				FF5A2A6F25DC2F3E0029A3DF /* Assets.xcassets */,
				FF5A2A7425DC2F3E0029A3DF /* Info.plist */,
			);
			path = weatherToday;
			sourceTree = "<group>";
		};
		FF5A2A8425DC46D00029A3DF /* main */ = {
			isa = PBXGroup;
			children = (
				FF5A2A8025DC434B0029A3DF /* CountryListViewController.swift */,
				FF5A2A8525DC46F40029A3DF /* CountryCell.swift */,
				FF5A2A8825DC49D40029A3DF /* Model */,
			);
			path = main;
			sourceTree = "<group>";
		};
		FF5A2A8825DC49D40029A3DF /* Model */ = {
			isa = PBXGroup;
			children = (
				FF5A2A8925DC49EA0029A3DF /* CountryModel.swift */,
			);
			path = Model;
			sourceTree = "<group>";
		};
		FF5A2A9425DCAA0A0029A3DF /* cities */ = {
			isa = PBXGroup;
			children = (
				FF5A2A9525DCAA210029A3DF /* CityListViewController.swift */,
				FF5A2A9D25DCAB840029A3DF /* Model */,
			);
			path = cities;
			sourceTree = "<group>";
		};
		FF5A2A9D25DCAB840029A3DF /* Model */ = {
			isa = PBXGroup;
			children = (
				FF5A2A9E25DCAB8C0029A3DF /* CityModel.swift */,
			);
			path = Model;
			sourceTree = "<group>";
		};
/* End PBXGroup section */

/* Begin PBXNativeTarget section */
		FF5A2A6225DC2F3D0029A3DF /* weatherToday */ = {
			isa = PBXNativeTarget;
			buildConfigurationList = FF5A2A7725DC2F3E0029A3DF /* Build configuration list for PBXNativeTarget "weatherToday" */;
			buildPhases = (
				EAEA7169262B58E498FD1826 /* [CP] Check Pods Manifest.lock */,
				FF5A2A5F25DC2F3D0029A3DF /* Sources */,
				FF5A2A6025DC2F3D0029A3DF /* Frameworks */,
				FF5A2A6125DC2F3D0029A3DF /* Resources */,
				988320E7F0DAB2D4CD10D787 /* [CP] Embed Pods Frameworks */,
			);
			buildRules = (
			);
			dependencies = (
			);
			name = weatherToday;
			productName = weatherToday;
			productReference = FF5A2A6325DC2F3D0029A3DF /* weatherToday.app */;
			productType = "com.apple.product-type.application";
		};
/* End PBXNativeTarget section */

/* Begin PBXProject section */
		FF5A2A5B25DC2F3D0029A3DF /* Project object */ = {
			isa = PBXProject;
			attributes = {
				LastSwiftUpdateCheck = 1240;
				LastUpgradeCheck = 1240;
				TargetAttributes = {
					FF5A2A6225DC2F3D0029A3DF = {
						CreatedOnToolsVersion = 12.4;
					};
				};
			};
			buildConfigurationList = FF5A2A5E25DC2F3D0029A3DF /* Build configuration list for PBXProject "weatherToday" */;
			compatibilityVersion = "Xcode 9.3";
			developmentRegion = en;
			hasScannedForEncodings = 0;
			knownRegions = (
				en,
				Base,
			);
			mainGroup = FF5A2A5A25DC2F3D0029A3DF;
			productRefGroup = FF5A2A6425DC2F3D0029A3DF /* Products */;
			projectDirPath = "";
			projectRoot = "";
			targets = (
				FF5A2A6225DC2F3D0029A3DF /* weatherToday */,
			);
		};
/* End PBXProject section */

/* Begin PBXResourcesBuildPhase section */
		FF5A2A6125DC2F3D0029A3DF /* Resources */ = {
			isa = PBXResourcesBuildPhase;
			buildActionMask = 2147483647;
			files = (
				FF5A2A7025DC2F3E0029A3DF /* Assets.xcassets in Resources */,
			);
			runOnlyForDeploymentPostprocessing = 0;
		};
/* End PBXResourcesBuildPhase section */

/* Begin PBXShellScriptBuildPhase section */
		988320E7F0DAB2D4CD10D787 /* [CP] Embed Pods Frameworks */ = {
			isa = PBXShellScriptBuildPhase;
			buildActionMask = 2147483647;
			files = (
			);
			inputFileListPaths = (
				"${PODS_ROOT}/Target Support Files/Pods-weatherToday/Pods-weatherToday-frameworks-${CONFIGURATION}-input-files.xcfilelist",
			);
			name = "[CP] Embed Pods Frameworks";
			outputFileListPaths = (
				"${PODS_ROOT}/Target Support Files/Pods-weatherToday/Pods-weatherToday-frameworks-${CONFIGURATION}-output-files.xcfilelist",
			);
			runOnlyForDeploymentPostprocessing = 0;
			shellPath = /bin/sh;
			shellScript = "\"${PODS_ROOT}/Target Support Files/Pods-weatherToday/Pods-weatherToday-frameworks.sh\"\n";
			showEnvVarsInLog = 0;
		};
		EAEA7169262B58E498FD1826 /* [CP] Check Pods Manifest.lock */ = {
			isa = PBXShellScriptBuildPhase;
			buildActionMask = 2147483647;
			files = (
			);
			inputFileListPaths = (
			);
			inputPaths = (
				"${PODS_PODFILE_DIR_PATH}/Podfile.lock",
				"${PODS_ROOT}/Manifest.lock",
			);
			name = "[CP] Check Pods Manifest.lock";
			outputFileListPaths = (
			);
			outputPaths = (
				"$(DERIVED_FILE_DIR)/Pods-weatherToday-checkManifestLockResult.txt",
			);
			runOnlyForDeploymentPostprocessing = 0;
			shellPath = /bin/sh;
			shellScript = "diff \"${PODS_PODFILE_DIR_PATH}/Podfile.lock\" \"${PODS_ROOT}/Manifest.lock\" > /dev/null\nif [ $? != 0 ] ; then\n    # print error to STDERR\n    echo \"error: The sandbox is not in sync with the Podfile.lock. Run 'pod install' or update your CocoaPods installation.\" >&2\n    exit 1\nfi\n# This output is used by Xcode 'outputs' to avoid re-running this script phase.\necho \"SUCCESS\" > \"${SCRIPT_OUTPUT_FILE_0}\"\n";
			showEnvVarsInLog = 0;
		};
/* End PBXShellScriptBuildPhase section */

/* Begin PBXSourcesBuildPhase section */
		FF5A2A5F25DC2F3D0029A3DF /* Sources */ = {
			isa = PBXSourcesBuildPhase;
			buildActionMask = 2147483647;
			files = (
				FF5A2A8625DC46F40029A3DF /* CountryCell.swift in Sources */,
				FF5A2A6725DC2F3D0029A3DF /* AppDelegate.swift in Sources */,
				FF5A2A8125DC434B0029A3DF /* CountryListViewController.swift in Sources */,
				FF5A2A8A25DC49EA0029A3DF /* CountryModel.swift in Sources */,
				FF5A2A6925DC2F3D0029A3DF /* SceneDelegate.swift in Sources */,
				FF5A2A9625DCAA210029A3DF /* CityListViewController.swift in Sources */,
				FF5A2A9F25DCAB8C0029A3DF /* CityModel.swift in Sources */,
			);
			runOnlyForDeploymentPostprocessing = 0;
		};
/* End PBXSourcesBuildPhase section */

/* Begin XCBuildConfiguration section */
		FF5A2A7525DC2F3E0029A3DF /* Debug */ = {
			isa = XCBuildConfiguration;
			buildSettings = {
				ALWAYS_SEARCH_USER_PATHS = NO;
				CLANG_ANALYZER_NONNULL = YES;
				CLANG_ANALYZER_NUMBER_OBJECT_CONVERSION = YES_AGGRESSIVE;
				CLANG_CXX_LANGUAGE_STANDARD = "gnu++14";
				CLANG_CXX_LIBRARY = "libc++";
				CLANG_ENABLE_MODULES = YES;
				CLANG_ENABLE_OBJC_ARC = YES;
				CLANG_ENABLE_OBJC_WEAK = YES;
				CLANG_WARN_BLOCK_CAPTURE_AUTORELEASING = YES;
				CLANG_WARN_BOOL_CONVERSION = YES;
				CLANG_WARN_COMMA = YES;
				CLANG_WARN_CONSTANT_CONVERSION = YES;
				CLANG_WARN_DEPRECATED_OBJC_IMPLEMENTATIONS = YES;
				CLANG_WARN_DIRECT_OBJC_ISA_USAGE = YES_ERROR;
				CLANG_WARN_DOCUMENTATION_COMMENTS = YES;
				CLANG_WARN_EMPTY_BODY = YES;
				CLANG_WARN_ENUM_CONVERSION = YES;
				CLANG_WARN_INFINITE_RECURSION = YES;
				CLANG_WARN_INT_CONVERSION = YES;
				CLANG_WARN_NON_LITERAL_NULL_CONVERSION = YES;
				CLANG_WARN_OBJC_IMPLICIT_RETAIN_SELF = YES;
				CLANG_WARN_OBJC_LITERAL_CONVERSION = YES;
				CLANG_WARN_OBJC_ROOT_CLASS = YES_ERROR;
				CLANG_WARN_QUOTED_INCLUDE_IN_FRAMEWORK_HEADER = YES;
				CLANG_WARN_RANGE_LOOP_ANALYSIS = YES;
				CLANG_WARN_STRICT_PROTOTYPES = YES;
				CLANG_WARN_SUSPICIOUS_MOVE = YES;
				CLANG_WARN_UNGUARDED_AVAILABILITY = YES_AGGRESSIVE;
				CLANG_WARN_UNREACHABLE_CODE = YES;
				CLANG_WARN__DUPLICATE_METHOD_MATCH = YES;
				COPY_PHASE_STRIP = NO;
				DEBUG_INFORMATION_FORMAT = dwarf;
				ENABLE_STRICT_OBJC_MSGSEND = YES;
				ENABLE_TESTABILITY = YES;
				GCC_C_LANGUAGE_STANDARD = gnu11;
				GCC_DYNAMIC_NO_PIC = NO;
				GCC_NO_COMMON_BLOCKS = YES;
				GCC_OPTIMIZATION_LEVEL = 0;
				GCC_PREPROCESSOR_DEFINITIONS = (
					"DEBUG=1",
					"$(inherited)",
				);
				GCC_WARN_64_TO_32_BIT_CONVERSION = YES;
				GCC_WARN_ABOUT_RETURN_TYPE = YES_ERROR;
				GCC_WARN_UNDECLARED_SELECTOR = YES;
				GCC_WARN_UNINITIALIZED_AUTOS = YES_AGGRESSIVE;
				GCC_WARN_UNUSED_FUNCTION = YES;
				GCC_WARN_UNUSED_VARIABLE = YES;
				IPHONEOS_DEPLOYMENT_TARGET = 14.4;
				MTL_ENABLE_DEBUG_INFO = INCLUDE_SOURCE;
				MTL_FAST_MATH = YES;
				ONLY_ACTIVE_ARCH = YES;
				SDKROOT = iphoneos;
				SWIFT_ACTIVE_COMPILATION_CONDITIONS = DEBUG;
				SWIFT_OPTIMIZATION_LEVEL = "-Onone";
			};
			name = Debug;
		};
		FF5A2A7625DC2F3E0029A3DF /* Release */ = {
			isa = XCBuildConfiguration;
			buildSettings = {
				ALWAYS_SEARCH_USER_PATHS = NO;
				CLANG_ANALYZER_NONNULL = YES;
				CLANG_ANALYZER_NUMBER_OBJECT_CONVERSION = YES_AGGRESSIVE;
				CLANG_CXX_LANGUAGE_STANDARD = "gnu++14";
				CLANG_CXX_LIBRARY = "libc++";
				CLANG_ENABLE_MODULES = YES;
				CLANG_ENABLE_OBJC_ARC = YES;
				CLANG_ENABLE_OBJC_WEAK = YES;
				CLANG_WARN_BLOCK_CAPTURE_AUTORELEASING = YES;
				CLANG_WARN_BOOL_CONVERSION = YES;
				CLANG_WARN_COMMA = YES;
				CLANG_WARN_CONSTANT_CONVERSION = YES;
				CLANG_WARN_DEPRECATED_OBJC_IMPLEMENTATIONS = YES;
				CLANG_WARN_DIRECT_OBJC_ISA_USAGE = YES_ERROR;
				CLANG_WARN_DOCUMENTATION_COMMENTS = YES;
				CLANG_WARN_EMPTY_BODY = YES;
				CLANG_WARN_ENUM_CONVERSION = YES;
				CLANG_WARN_INFINITE_RECURSION = YES;
				CLANG_WARN_INT_CONVERSION = YES;
				CLANG_WARN_NON_LITERAL_NULL_CONVERSION = YES;
				CLANG_WARN_OBJC_IMPLICIT_RETAIN_SELF = YES;
				CLANG_WARN_OBJC_LITERAL_CONVERSION = YES;
				CLANG_WARN_OBJC_ROOT_CLASS = YES_ERROR;
				CLANG_WARN_QUOTED_INCLUDE_IN_FRAMEWORK_HEADER = YES;
				CLANG_WARN_RANGE_LOOP_ANALYSIS = YES;
				CLANG_WARN_STRICT_PROTOTYPES = YES;
				CLANG_WARN_SUSPICIOUS_MOVE = YES;
				CLANG_WARN_UNGUARDED_AVAILABILITY = YES_AGGRESSIVE;
				CLANG_WARN_UNREACHABLE_CODE = YES;
				CLANG_WARN__DUPLICATE_METHOD_MATCH = YES;
				COPY_PHASE_STRIP = NO;
				DEBUG_INFORMATION_FORMAT = "dwarf-with-dsym";
				ENABLE_NS_ASSERTIONS = NO;
				ENABLE_STRICT_OBJC_MSGSEND = YES;
				GCC_C_LANGUAGE_STANDARD = gnu11;
				GCC_NO_COMMON_BLOCKS = YES;
				GCC_WARN_64_TO_32_BIT_CONVERSION = YES;
				GCC_WARN_ABOUT_RETURN_TYPE = YES_ERROR;
				GCC_WARN_UNDECLARED_SELECTOR = YES;
				GCC_WARN_UNINITIALIZED_AUTOS = YES_AGGRESSIVE;
				GCC_WARN_UNUSED_FUNCTION = YES;
				GCC_WARN_UNUSED_VARIABLE = YES;
				IPHONEOS_DEPLOYMENT_TARGET = 14.4;
				MTL_ENABLE_DEBUG_INFO = NO;
				MTL_FAST_MATH = YES;
				SDKROOT = iphoneos;
				SWIFT_COMPILATION_MODE = wholemodule;
				SWIFT_OPTIMIZATION_LEVEL = "-O";
				VALIDATE_PRODUCT = YES;
			};
			name = Release;
		};
		FF5A2A7825DC2F3E0029A3DF /* Debug */ = {
			isa = XCBuildConfiguration;
			baseConfigurationReference = 4400E88D25F079F660AA6C5B /* Pods-weatherToday.debug.xcconfig */;
			buildSettings = {
				ASSETCATALOG_COMPILER_APPICON_NAME = AppIcon;
				ASSETCATALOG_COMPILER_GLOBAL_ACCENT_COLOR_NAME = AccentColor;
				CODE_SIGN_STYLE = Automatic;
				INFOPLIST_FILE = weatherToday/Info.plist;
				LD_RUNPATH_SEARCH_PATHS = (
					"$(inherited)",
					"@executable_path/Frameworks",
				);
				PRODUCT_BUNDLE_IDENTIFIER = swiftStudy.weatherToday;
				PRODUCT_NAME = "$(TARGET_NAME)";
				SWIFT_VERSION = 5.0;
				TARGETED_DEVICE_FAMILY = "1,2";
			};
			name = Debug;
		};
		FF5A2A7925DC2F3E0029A3DF /* Release */ = {
			isa = XCBuildConfiguration;
			baseConfigurationReference = 00F65AC34F6D96B4162AAD70 /* Pods-weatherToday.release.xcconfig */;
			buildSettings = {
				ASSETCATALOG_COMPILER_APPICON_NAME = AppIcon;
				ASSETCATALOG_COMPILER_GLOBAL_ACCENT_COLOR_NAME = AccentColor;
				CODE_SIGN_STYLE = Automatic;
				INFOPLIST_FILE = weatherToday/Info.plist;
				LD_RUNPATH_SEARCH_PATHS = (
					"$(inherited)",
					"@executable_path/Frameworks",
				);
				PRODUCT_BUNDLE_IDENTIFIER = swiftStudy.weatherToday;
				PRODUCT_NAME = "$(TARGET_NAME)";
				SWIFT_VERSION = 5.0;
				TARGETED_DEVICE_FAMILY = "1,2";
			};
			name = Release;
		};
/* End XCBuildConfiguration section */

/* Begin XCConfigurationList section */
		FF5A2A5E25DC2F3D0029A3DF /* Build configuration list for PBXProject "weatherToday" */ = {
			isa = XCConfigurationList;
			buildConfigurations = (
				FF5A2A7525DC2F3E0029A3DF /* Debug */,
				FF5A2A7625DC2F3E0029A3DF /* Release */,
			);
			defaultConfigurationIsVisible = 0;
			defaultConfigurationName = Release;
		};
		FF5A2A7725DC2F3E0029A3DF /* Build configuration list for PBXNativeTarget "weatherToday" */ = {
			isa = XCConfigurationList;
			buildConfigurations = (
				FF5A2A7825DC2F3E0029A3DF /* Debug */,
				FF5A2A7925DC2F3E0029A3DF /* Release */,
			);
			defaultConfigurationIsVisible = 0;
			defaultConfigurationName = Release;
		};
/* End XCConfigurationList section */
	};
	rootObject = FF5A2A5B25DC2F3D0029A3DF /* Project object */;
}
