// !$*UTF8*$!
{
	archiveVersion = 1;
	classes = {
	};
	objectVersion = 50;
	objects = {

/* Begin PBXBuildFile section */
		FFBBEB20266138A2009AEB0F /* AppDelegate.swift in Sources */ = {isa = PBXBuildFile; fileRef = FFBBEB1F266138A2009AEB0F /* AppDelegate.swift */; };
		FFBBEB22266138A2009AEB0F /* SceneDelegate.swift in Sources */ = {isa = PBXBuildFile; fileRef = FFBBEB21266138A2009AEB0F /* SceneDelegate.swift */; };
		FFBBEB24266138A2009AEB0F /* ViewController.swift in Sources */ = {isa = PBXBuildFile; fileRef = FFBBEB23266138A2009AEB0F /* ViewController.swift */; };
		FFBBEB27266138A2009AEB0F /* Main.storyboard in Resources */ = {isa = PBXBuildFile; fileRef = FFBBEB25266138A2009AEB0F /* Main.storyboard */; };
		FFBBEB29266138A3009AEB0F /* Assets.xcassets in Resources */ = {isa = PBXBuildFile; fileRef = FFBBEB28266138A3009AEB0F /* Assets.xcassets */; };
		FFBBEB2C266138A3009AEB0F /* LaunchScreen.storyboard in Resources */ = {isa = PBXBuildFile; fileRef = FFBBEB2A266138A3009AEB0F /* LaunchScreen.storyboard */; };
		FFBBEB3F26628D49009AEB0F /* CollectionHeaderView.swift in Sources */ = {isa = PBXBuildFile; fileRef = FFBBEB3D26628D49009AEB0F /* CollectionHeaderView.swift */; };
		FFBBEB42266379A1009AEB0F /* CollectionHeaderView.xib in Resources */ = {isa = PBXBuildFile; fileRef = FFBBEB41266379A1009AEB0F /* CollectionHeaderView.xib */; };
/* End PBXBuildFile section */

/* Begin PBXFileReference section */
		FFBBEB1C266138A2009AEB0F /* Vibe_CloneUI.app */ = {isa = PBXFileReference; explicitFileType = wrapper.application; includeInIndex = 0; path = Vibe_CloneUI.app; sourceTree = BUILT_PRODUCTS_DIR; };
		FFBBEB1F266138A2009AEB0F /* AppDelegate.swift */ = {isa = PBXFileReference; lastKnownFileType = sourcecode.swift; path = AppDelegate.swift; sourceTree = "<group>"; };
		FFBBEB21266138A2009AEB0F /* SceneDelegate.swift */ = {isa = PBXFileReference; lastKnownFileType = sourcecode.swift; path = SceneDelegate.swift; sourceTree = "<group>"; };
		FFBBEB23266138A2009AEB0F /* ViewController.swift */ = {isa = PBXFileReference; lastKnownFileType = sourcecode.swift; path = ViewController.swift; sourceTree = "<group>"; };
		FFBBEB26266138A2009AEB0F /* Base */ = {isa = PBXFileReference; lastKnownFileType = file.storyboard; name = Base; path = Base.lproj/Main.storyboard; sourceTree = "<group>"; };
		FFBBEB28266138A3009AEB0F /* Assets.xcassets */ = {isa = PBXFileReference; lastKnownFileType = folder.assetcatalog; path = Assets.xcassets; sourceTree = "<group>"; };
		FFBBEB2B266138A3009AEB0F /* Base */ = {isa = PBXFileReference; lastKnownFileType = file.storyboard; name = Base; path = Base.lproj/LaunchScreen.storyboard; sourceTree = "<group>"; };
		FFBBEB2D266138A3009AEB0F /* Info.plist */ = {isa = PBXFileReference; lastKnownFileType = text.plist.xml; path = Info.plist; sourceTree = "<group>"; };
		FFBBEB3D26628D49009AEB0F /* CollectionHeaderView.swift */ = {isa = PBXFileReference; lastKnownFileType = sourcecode.swift; path = CollectionHeaderView.swift; sourceTree = "<group>"; };
		FFBBEB41266379A1009AEB0F /* CollectionHeaderView.xib */ = {isa = PBXFileReference; lastKnownFileType = file.xib; path = CollectionHeaderView.xib; sourceTree = "<group>"; };
/* End PBXFileReference section */

/* Begin PBXFrameworksBuildPhase section */
		FFBBEB19266138A2009AEB0F /* Frameworks */ = {
			isa = PBXFrameworksBuildPhase;
			buildActionMask = 2147483647;
			files = (
			);
			runOnlyForDeploymentPostprocessing = 0;
		};
/* End PBXFrameworksBuildPhase section */

/* Begin PBXGroup section */
		FFBBEB13266138A2009AEB0F = {
			isa = PBXGroup;
			children = (
				FFBBEB1E266138A2009AEB0F /* Vibe_CloneUI */,
				FFBBEB1D266138A2009AEB0F /* Products */,
			);
			sourceTree = "<group>";
		};
		FFBBEB1D266138A2009AEB0F /* Products */ = {
			isa = PBXGroup;
			children = (
				FFBBEB1C266138A2009AEB0F /* Vibe_CloneUI.app */,
			);
			name = Products;
			sourceTree = "<group>";
		};
		FFBBEB1E266138A2009AEB0F /* Vibe_CloneUI */ = {
			isa = PBXGroup;
			children = (
				FFBBEB1F266138A2009AEB0F /* AppDelegate.swift */,
				FFBBEB21266138A2009AEB0F /* SceneDelegate.swift */,
				FFBBEB23266138A2009AEB0F /* ViewController.swift */,
				FFBBEB3526628CB3009AEB0F /* CollectionReuseView */,
				FFBBEB25266138A2009AEB0F /* Main.storyboard */,
				FFBBEB28266138A3009AEB0F /* Assets.xcassets */,
				FFBBEB2A266138A3009AEB0F /* LaunchScreen.storyboard */,
				FFBBEB2D266138A3009AEB0F /* Info.plist */,
			);
			path = Vibe_CloneUI;
			sourceTree = "<group>";
		};
		FFBBEB3526628CB3009AEB0F /* CollectionReuseView */ = {
			isa = PBXGroup;
			children = (
				FFBBEB3D26628D49009AEB0F /* CollectionHeaderView.swift */,
				FFBBEB41266379A1009AEB0F /* CollectionHeaderView.xib */,
			);
			path = CollectionReuseView;
			sourceTree = "<group>";
		};
/* End PBXGroup section */

/* Begin PBXNativeTarget section */
		FFBBEB1B266138A2009AEB0F /* Vibe_CloneUI */ = {
			isa = PBXNativeTarget;
			buildConfigurationList = FFBBEB30266138A3009AEB0F /* Build configuration list for PBXNativeTarget "Vibe_CloneUI" */;
			buildPhases = (
				FFBBEB18266138A2009AEB0F /* Sources */,
				FFBBEB19266138A2009AEB0F /* Frameworks */,
				FFBBEB1A266138A2009AEB0F /* Resources */,
			);
			buildRules = (
			);
			dependencies = (
			);
			name = Vibe_CloneUI;
			productName = Vibe_CloneUI;
			productReference = FFBBEB1C266138A2009AEB0F /* Vibe_CloneUI.app */;
			productType = "com.apple.product-type.application";
		};
/* End PBXNativeTarget section */

/* Begin PBXProject section */
		FFBBEB14266138A2009AEB0F /* Project object */ = {
			isa = PBXProject;
			attributes = {
				LastSwiftUpdateCheck = 1250;
				LastUpgradeCheck = 1250;
				TargetAttributes = {
					FFBBEB1B266138A2009AEB0F = {
						CreatedOnToolsVersion = 12.5;
					};
				};
			};
			buildConfigurationList = FFBBEB17266138A2009AEB0F /* Build configuration list for PBXProject "Vibe_CloneUI" */;
			compatibilityVersion = "Xcode 9.3";
			developmentRegion = en;
			hasScannedForEncodings = 0;
			knownRegions = (
				en,
				Base,
			);
			mainGroup = FFBBEB13266138A2009AEB0F;
			productRefGroup = FFBBEB1D266138A2009AEB0F /* Products */;
			projectDirPath = "";
			projectRoot = "";
			targets = (
				FFBBEB1B266138A2009AEB0F /* Vibe_CloneUI */,
			);
		};
/* End PBXProject section */

/* Begin PBXResourcesBuildPhase section */
		FFBBEB1A266138A2009AEB0F /* Resources */ = {
			isa = PBXResourcesBuildPhase;
			buildActionMask = 2147483647;
			files = (
				FFBBEB2C266138A3009AEB0F /* LaunchScreen.storyboard in Resources */,
				FFBBEB42266379A1009AEB0F /* CollectionHeaderView.xib in Resources */,
				FFBBEB29266138A3009AEB0F /* Assets.xcassets in Resources */,
				FFBBEB27266138A2009AEB0F /* Main.storyboard in Resources */,
			);
			runOnlyForDeploymentPostprocessing = 0;
		};
/* End PBXResourcesBuildPhase section */

/* Begin PBXSourcesBuildPhase section */
		FFBBEB18266138A2009AEB0F /* Sources */ = {
			isa = PBXSourcesBuildPhase;
			buildActionMask = 2147483647;
			files = (
				FFBBEB24266138A2009AEB0F /* ViewController.swift in Sources */,
				FFBBEB3F26628D49009AEB0F /* CollectionHeaderView.swift in Sources */,
				FFBBEB20266138A2009AEB0F /* AppDelegate.swift in Sources */,
				FFBBEB22266138A2009AEB0F /* SceneDelegate.swift in Sources */,
			);
			runOnlyForDeploymentPostprocessing = 0;
		};
/* End PBXSourcesBuildPhase section */

/* Begin PBXVariantGroup section */
		FFBBEB25266138A2009AEB0F /* Main.storyboard */ = {
			isa = PBXVariantGroup;
			children = (
				FFBBEB26266138A2009AEB0F /* Base */,
			);
			name = Main.storyboard;
			sourceTree = "<group>";
		};
		FFBBEB2A266138A3009AEB0F /* LaunchScreen.storyboard */ = {
			isa = PBXVariantGroup;
			children = (
				FFBBEB2B266138A3009AEB0F /* Base */,
			);
			name = LaunchScreen.storyboard;
			sourceTree = "<group>";
		};
/* End PBXVariantGroup section */

/* Begin XCBuildConfiguration section */
		FFBBEB2E266138A3009AEB0F /* Debug */ = {
			isa = XCBuildConfiguration;
			buildSettings = {
				ALWAYS_SEARCH_USER_PATHS = NO;
				CLANG_ANALYZER_NONNULL = YES;
				CLANG_ANALYZER_NUMBER_OBJECT_CONVERSION = YES_AGGRESSIVE;
				CLANG_CXX_LANGUAGE_STANDARD = "gnu++14";
				CLANG_CXX_LIBRARY = "libc++";
				CLANG_ENABLE_MODULES = YES;
				CLANG_ENABLE_OBJC_ARC = YES;
				CLANG_ENABLE_OBJC_WEAK = YES;
				CLANG_WARN_BLOCK_CAPTURE_AUTORELEASING = YES;
				CLANG_WARN_BOOL_CONVERSION = YES;
				CLANG_WARN_COMMA = YES;
				CLANG_WARN_CONSTANT_CONVERSION = YES;
				CLANG_WARN_DEPRECATED_OBJC_IMPLEMENTATIONS = YES;
				CLANG_WARN_DIRECT_OBJC_ISA_USAGE = YES_ERROR;
				CLANG_WARN_DOCUMENTATION_COMMENTS = YES;
				CLANG_WARN_EMPTY_BODY = YES;
				CLANG_WARN_ENUM_CONVERSION = YES;
				CLANG_WARN_INFINITE_RECURSION = YES;
				CLANG_WARN_INT_CONVERSION = YES;
				CLANG_WARN_NON_LITERAL_NULL_CONVERSION = YES;
				CLANG_WARN_OBJC_IMPLICIT_RETAIN_SELF = YES;
				CLANG_WARN_OBJC_LITERAL_CONVERSION = YES;
				CLANG_WARN_OBJC_ROOT_CLASS = YES_ERROR;
				CLANG_WARN_QUOTED_INCLUDE_IN_FRAMEWORK_HEADER = YES;
				CLANG_WARN_RANGE_LOOP_ANALYSIS = YES;
				CLANG_WARN_STRICT_PROTOTYPES = YES;
				CLANG_WARN_SUSPICIOUS_MOVE = YES;
				CLANG_WARN_UNGUARDED_AVAILABILITY = YES_AGGRESSIVE;
				CLANG_WARN_UNREACHABLE_CODE = YES;
				CLANG_WARN__DUPLICATE_METHOD_MATCH = YES;
				COPY_PHASE_STRIP = NO;
				DEBUG_INFORMATION_FORMAT = dwarf;
				ENABLE_STRICT_OBJC_MSGSEND = YES;
				ENABLE_TESTABILITY = YES;
				GCC_C_LANGUAGE_STANDARD = gnu11;
				GCC_DYNAMIC_NO_PIC = NO;
				GCC_NO_COMMON_BLOCKS = YES;
				GCC_OPTIMIZATION_LEVEL = 0;
				GCC_PREPROCESSOR_DEFINITIONS = (
					"DEBUG=1",
					"$(inherited)",
				);
				GCC_WARN_64_TO_32_BIT_CONVERSION = YES;
				GCC_WARN_ABOUT_RETURN_TYPE = YES_ERROR;
				GCC_WARN_UNDECLARED_SELECTOR = YES;
				GCC_WARN_UNINITIALIZED_AUTOS = YES_AGGRESSIVE;
				GCC_WARN_UNUSED_FUNCTION = YES;
				GCC_WARN_UNUSED_VARIABLE = YES;
				IPHONEOS_DEPLOYMENT_TARGET = 14.5;
				MTL_ENABLE_DEBUG_INFO = INCLUDE_SOURCE;
				MTL_FAST_MATH = YES;
				ONLY_ACTIVE_ARCH = YES;
				SDKROOT = iphoneos;
				SWIFT_ACTIVE_COMPILATION_CONDITIONS = DEBUG;
				SWIFT_OPTIMIZATION_LEVEL = "-Onone";
			};
			name = Debug;
		};
		FFBBEB2F266138A3009AEB0F /* Release */ = {
			isa = XCBuildConfiguration;
			buildSettings = {
				ALWAYS_SEARCH_USER_PATHS = NO;
				CLANG_ANALYZER_NONNULL = YES;
				CLANG_ANALYZER_NUMBER_OBJECT_CONVERSION = YES_AGGRESSIVE;
				CLANG_CXX_LANGUAGE_STANDARD = "gnu++14";
				CLANG_CXX_LIBRARY = "libc++";
				CLANG_ENABLE_MODULES = YES;
				CLANG_ENABLE_OBJC_ARC = YES;
				CLANG_ENABLE_OBJC_WEAK = YES;
				CLANG_WARN_BLOCK_CAPTURE_AUTORELEASING = YES;
				CLANG_WARN_BOOL_CONVERSION = YES;
				CLANG_WARN_COMMA = YES;
				CLANG_WARN_CONSTANT_CONVERSION = YES;
				CLANG_WARN_DEPRECATED_OBJC_IMPLEMENTATIONS = YES;
				CLANG_WARN_DIRECT_OBJC_ISA_USAGE = YES_ERROR;
				CLANG_WARN_DOCUMENTATION_COMMENTS = YES;
				CLANG_WARN_EMPTY_BODY = YES;
				CLANG_WARN_ENUM_CONVERSION = YES;
				CLANG_WARN_INFINITE_RECURSION = YES;
				CLANG_WARN_INT_CONVERSION = YES;
				CLANG_WARN_NON_LITERAL_NULL_CONVERSION = YES;
				CLANG_WARN_OBJC_IMPLICIT_RETAIN_SELF = YES;
				CLANG_WARN_OBJC_LITERAL_CONVERSION = YES;
				CLANG_WARN_OBJC_ROOT_CLASS = YES_ERROR;
				CLANG_WARN_QUOTED_INCLUDE_IN_FRAMEWORK_HEADER = YES;
				CLANG_WARN_RANGE_LOOP_ANALYSIS = YES;
				CLANG_WARN_STRICT_PROTOTYPES = YES;
				CLANG_WARN_SUSPICIOUS_MOVE = YES;
				CLANG_WARN_UNGUARDED_AVAILABILITY = YES_AGGRESSIVE;
				CLANG_WARN_UNREACHABLE_CODE = YES;
				CLANG_WARN__DUPLICATE_METHOD_MATCH = YES;
				COPY_PHASE_STRIP = NO;
				DEBUG_INFORMATION_FORMAT = "dwarf-with-dsym";
				ENABLE_NS_ASSERTIONS = NO;
				ENABLE_STRICT_OBJC_MSGSEND = YES;
				GCC_C_LANGUAGE_STANDARD = gnu11;
				GCC_NO_COMMON_BLOCKS = YES;
				GCC_WARN_64_TO_32_BIT_CONVERSION = YES;
				GCC_WARN_ABOUT_RETURN_TYPE = YES_ERROR;
				GCC_WARN_UNDECLARED_SELECTOR = YES;
				GCC_WARN_UNINITIALIZED_AUTOS = YES_AGGRESSIVE;
				GCC_WARN_UNUSED_FUNCTION = YES;
				GCC_WARN_UNUSED_VARIABLE = YES;
				IPHONEOS_DEPLOYMENT_TARGET = 14.5;
				MTL_ENABLE_DEBUG_INFO = NO;
				MTL_FAST_MATH = YES;
				SDKROOT = iphoneos;
				SWIFT_COMPILATION_MODE = wholemodule;
				SWIFT_OPTIMIZATION_LEVEL = "-O";
				VALIDATE_PRODUCT = YES;
			};
			name = Release;
		};
		FFBBEB31266138A3009AEB0F /* Debug */ = {
			isa = XCBuildConfiguration;
			buildSettings = {
				ASSETCATALOG_COMPILER_APPICON_NAME = AppIcon;
				ASSETCATALOG_COMPILER_GLOBAL_ACCENT_COLOR_NAME = AccentColor;
				CODE_SIGN_STYLE = Automatic;
				INFOPLIST_FILE = Vibe_CloneUI/Info.plist;
				LD_RUNPATH_SEARCH_PATHS = (
					"$(inherited)",
					"@executable_path/Frameworks",
				);
				PRODUCT_BUNDLE_IDENTIFIER = "exam.Vibe-CloneUI";
				PRODUCT_NAME = "$(TARGET_NAME)";
				SWIFT_VERSION = 5.0;
				TARGETED_DEVICE_FAMILY = "1,2";
			};
			name = Debug;
		};
		FFBBEB32266138A3009AEB0F /* Release */ = {
			isa = XCBuildConfiguration;
			buildSettings = {
				ASSETCATALOG_COMPILER_APPICON_NAME = AppIcon;
				ASSETCATALOG_COMPILER_GLOBAL_ACCENT_COLOR_NAME = AccentColor;
				CODE_SIGN_STYLE = Automatic;
				INFOPLIST_FILE = Vibe_CloneUI/Info.plist;
				LD_RUNPATH_SEARCH_PATHS = (
					"$(inherited)",
					"@executable_path/Frameworks",
				);
				PRODUCT_BUNDLE_IDENTIFIER = "exam.Vibe-CloneUI";
				PRODUCT_NAME = "$(TARGET_NAME)";
				SWIFT_VERSION = 5.0;
				TARGETED_DEVICE_FAMILY = "1,2";
			};
			name = Release;
		};
/* End XCBuildConfiguration section */

/* Begin XCConfigurationList section */
		FFBBEB17266138A2009AEB0F /* Build configuration list for PBXProject "Vibe_CloneUI" */ = {
			isa = XCConfigurationList;
			buildConfigurations = (
				FFBBEB2E266138A3009AEB0F /* Debug */,
				FFBBEB2F266138A3009AEB0F /* Release */,
			);
			defaultConfigurationIsVisible = 0;
			defaultConfigurationName = Release;
		};
		FFBBEB30266138A3009AEB0F /* Build configuration list for PBXNativeTarget "Vibe_CloneUI" */ = {
			isa = XCConfigurationList;
			buildConfigurations = (
				FFBBEB31266138A3009AEB0F /* Debug */,
				FFBBEB32266138A3009AEB0F /* Release */,
			);
			defaultConfigurationIsVisible = 0;
			defaultConfigurationName = Release;
		};
/* End XCConfigurationList section */
	};
	rootObject = FFBBEB14266138A2009AEB0F /* Project object */;
}
