// !$*UTF8*$!
{
	archiveVersion = 1;
	classes = {
	};
	objectVersion = 51;
	objects = {

/* Begin PBXBuildFile section */
		202873D2F134EAFE4E5271B5 /* Pods_Calculator.framework in Frameworks */ = {isa = PBXBuildFile; fileRef = 2EEA6968CF4B13EEB41FBEB8 /* Pods_Calculator.framework */; };
		FF529ADA2648539A00C3807F /* CircleButton.swift in Sources */ = {isa = PBXBuildFile; fileRef = FF529AD92648539A00C3807F /* CircleButton.swift */; };
		FFABBFA1263FED060013BCDB /* AppDelegate.swift in Sources */ = {isa = PBXBuildFile; fileRef = FFABBFA0263FED060013BCDB /* AppDelegate.swift */; };
		FFABBFA3263FED060013BCDB /* SceneDelegate.swift in Sources */ = {isa = PBXBuildFile; fileRef = FFABBFA2263FED060013BCDB /* SceneDelegate.swift */; };
		FFABBFAA263FED080013BCDB /* Assets.xcassets in Resources */ = {isa = PBXBuildFile; fileRef = FFABBFA9263FED080013BCDB /* Assets.xcassets */; };
		FFABBFAD263FED080013BCDB /* LaunchScreen.storyboard in Resources */ = {isa = PBXBuildFile; fileRef = FFABBFAB263FED080013BCDB /* LaunchScreen.storyboard */; };
		FFABBFC0263FEDA70013BCDB /* CalculatorViewController.swift in Sources */ = {isa = PBXBuildFile; fileRef = FFABBFBF263FEDA70013BCDB /* CalculatorViewController.swift */; };
		FFABBFC6263FF30C0013BCDB /* chunked.swift in Sources */ = {isa = PBXBuildFile; fileRef = FFABBFC5263FF30C0013BCDB /* chunked.swift */; };
		FFABBFCB264051060013BCDB /* CalculatorViewModel.swift in Sources */ = {isa = PBXBuildFile; fileRef = FFABBFCA264051060013BCDB /* CalculatorViewModel.swift */; };
		FFABBFD32642E3D90013BCDB /* Functions.swift in Sources */ = {isa = PBXBuildFile; fileRef = FFABBFD22642E3D90013BCDB /* Functions.swift */; };
/* End PBXBuildFile section */

/* Begin PBXFileReference section */
		2EEA6968CF4B13EEB41FBEB8 /* Pods_Calculator.framework */ = {isa = PBXFileReference; explicitFileType = wrapper.framework; includeInIndex = 0; path = Pods_Calculator.framework; sourceTree = BUILT_PRODUCTS_DIR; };
		41CE2A67A58469C7FB594786 /* Pods-Calculator.release.xcconfig */ = {isa = PBXFileReference; includeInIndex = 1; lastKnownFileType = text.xcconfig; name = "Pods-Calculator.release.xcconfig"; path = "Target Support Files/Pods-Calculator/Pods-Calculator.release.xcconfig"; sourceTree = "<group>"; };
		A9AE7BAB08D4865F392B5034 /* Pods-Calculator.debug.xcconfig */ = {isa = PBXFileReference; includeInIndex = 1; lastKnownFileType = text.xcconfig; name = "Pods-Calculator.debug.xcconfig"; path = "Target Support Files/Pods-Calculator/Pods-Calculator.debug.xcconfig"; sourceTree = "<group>"; };
		FF529AD92648539A00C3807F /* CircleButton.swift */ = {isa = PBXFileReference; lastKnownFileType = sourcecode.swift; path = CircleButton.swift; sourceTree = "<group>"; };
		FFABBF9D263FED060013BCDB /* Calculator.app */ = {isa = PBXFileReference; explicitFileType = wrapper.application; includeInIndex = 0; path = Calculator.app; sourceTree = BUILT_PRODUCTS_DIR; };
		FFABBFA0263FED060013BCDB /* AppDelegate.swift */ = {isa = PBXFileReference; lastKnownFileType = sourcecode.swift; path = AppDelegate.swift; sourceTree = "<group>"; };
		FFABBFA2263FED060013BCDB /* SceneDelegate.swift */ = {isa = PBXFileReference; lastKnownFileType = sourcecode.swift; path = SceneDelegate.swift; sourceTree = "<group>"; };
		FFABBFA9263FED080013BCDB /* Assets.xcassets */ = {isa = PBXFileReference; lastKnownFileType = folder.assetcatalog; path = Assets.xcassets; sourceTree = "<group>"; };
		FFABBFAC263FED080013BCDB /* Base */ = {isa = PBXFileReference; lastKnownFileType = file.storyboard; name = Base; path = Base.lproj/LaunchScreen.storyboard; sourceTree = "<group>"; };
		FFABBFAE263FED080013BCDB /* Info.plist */ = {isa = PBXFileReference; lastKnownFileType = text.plist.xml; path = Info.plist; sourceTree = "<group>"; };
		FFABBFBF263FEDA70013BCDB /* CalculatorViewController.swift */ = {isa = PBXFileReference; lastKnownFileType = sourcecode.swift; path = CalculatorViewController.swift; sourceTree = "<group>"; };
		FFABBFC5263FF30C0013BCDB /* chunked.swift */ = {isa = PBXFileReference; lastKnownFileType = sourcecode.swift; path = chunked.swift; sourceTree = "<group>"; };
		FFABBFCA264051060013BCDB /* CalculatorViewModel.swift */ = {isa = PBXFileReference; lastKnownFileType = sourcecode.swift; path = CalculatorViewModel.swift; sourceTree = "<group>"; };
		FFABBFD22642E3D90013BCDB /* Functions.swift */ = {isa = PBXFileReference; lastKnownFileType = sourcecode.swift; path = Functions.swift; sourceTree = "<group>"; };
/* End PBXFileReference section */

/* Begin PBXFrameworksBuildPhase section */
		FFABBF9A263FED060013BCDB /* Frameworks */ = {
			isa = PBXFrameworksBuildPhase;
			buildActionMask = 2147483647;
			files = (
				202873D2F134EAFE4E5271B5 /* Pods_Calculator.framework in Frameworks */,
			);
			runOnlyForDeploymentPostprocessing = 0;
		};
/* End PBXFrameworksBuildPhase section */

/* Begin PBXGroup section */
		0EC16B169C42A8DD1BA07E42 /* Frameworks */ = {
			isa = PBXGroup;
			children = (
				2EEA6968CF4B13EEB41FBEB8 /* Pods_Calculator.framework */,
			);
			name = Frameworks;
			sourceTree = "<group>";
		};
		725675D45A6B59271E458086 /* Pods */ = {
			isa = PBXGroup;
			children = (
				A9AE7BAB08D4865F392B5034 /* Pods-Calculator.debug.xcconfig */,
				41CE2A67A58469C7FB594786 /* Pods-Calculator.release.xcconfig */,
			);
			path = Pods;
			sourceTree = "<group>";
		};
		FFABBF94263FED060013BCDB = {
			isa = PBXGroup;
			children = (
				FFABBF9F263FED060013BCDB /* Calculator */,
				FFABBF9E263FED060013BCDB /* Products */,
				725675D45A6B59271E458086 /* Pods */,
				0EC16B169C42A8DD1BA07E42 /* Frameworks */,
			);
			sourceTree = "<group>";
		};
		FFABBF9E263FED060013BCDB /* Products */ = {
			isa = PBXGroup;
			children = (
				FFABBF9D263FED060013BCDB /* Calculator.app */,
			);
			name = Products;
			sourceTree = "<group>";
		};
		FFABBF9F263FED060013BCDB /* Calculator */ = {
			isa = PBXGroup;
			children = (
				FFABBFA0263FED060013BCDB /* AppDelegate.swift */,
				FFABBFA2263FED060013BCDB /* SceneDelegate.swift */,
				FFABBFC3263FF2FA0013BCDB /* Extensions */,
				FFABBFBE263FED9C0013BCDB /* View */,
				FFABBFC9264050E70013BCDB /* ViewModel */,
				FFABBFD12642E3C70013BCDB /* Model */,
				FFABBFAB263FED080013BCDB /* LaunchScreen.storyboard */,
				FFABBFAE263FED080013BCDB /* Info.plist */,
				FFABBFA9263FED080013BCDB /* Assets.xcassets */,
			);
			path = Calculator;
			sourceTree = "<group>";
		};
		FFABBFBE263FED9C0013BCDB /* View */ = {
			isa = PBXGroup;
			children = (
				FFABBFBF263FEDA70013BCDB /* CalculatorViewController.swift */,
				FF529AD92648539A00C3807F /* CircleButton.swift */,
			);
			path = View;
			sourceTree = "<group>";
		};
		FFABBFC3263FF2FA0013BCDB /* Extensions */ = {
			isa = PBXGroup;
			children = (
				FFABBFC4263FF3000013BCDB /* Array */,
			);
			path = Extensions;
			sourceTree = "<group>";
		};
		FFABBFC4263FF3000013BCDB /* Array */ = {
			isa = PBXGroup;
			children = (
				FFABBFC5263FF30C0013BCDB /* chunked.swift */,
			);
			path = Array;
			sourceTree = "<group>";
		};
		FFABBFC9264050E70013BCDB /* ViewModel */ = {
			isa = PBXGroup;
			children = (
				FFABBFCA264051060013BCDB /* CalculatorViewModel.swift */,
			);
			path = ViewModel;
			sourceTree = "<group>";
		};
		FFABBFD12642E3C70013BCDB /* Model */ = {
			isa = PBXGroup;
			children = (
				FFABBFD22642E3D90013BCDB /* Functions.swift */,
			);
			path = Model;
			sourceTree = "<group>";
		};
/* End PBXGroup section */

/* Begin PBXNativeTarget section */
		FFABBF9C263FED060013BCDB /* Calculator */ = {
			isa = PBXNativeTarget;
			buildConfigurationList = FFABBFB1263FED080013BCDB /* Build configuration list for PBXNativeTarget "Calculator" */;
			buildPhases = (
				2A7975DF389BA0F048F1A58E /* [CP] Check Pods Manifest.lock */,
				FFABBF99263FED060013BCDB /* Sources */,
				FFABBF9A263FED060013BCDB /* Frameworks */,
				FFABBF9B263FED060013BCDB /* Resources */,
				3D169D86485D452A04E75ABE /* [CP] Embed Pods Frameworks */,
			);
			buildRules = (
			);
			dependencies = (
			);
			name = Calculator;
			productName = Calculator;
			productReference = FFABBF9D263FED060013BCDB /* Calculator.app */;
			productType = "com.apple.product-type.application";
		};
/* End PBXNativeTarget section */

/* Begin PBXProject section */
		FFABBF95263FED060013BCDB /* Project object */ = {
			isa = PBXProject;
			attributes = {
				LastSwiftUpdateCheck = 1240;
				LastUpgradeCheck = 1240;
				TargetAttributes = {
					FFABBF9C263FED060013BCDB = {
						CreatedOnToolsVersion = 12.4;
					};
				};
			};
			buildConfigurationList = FFABBF98263FED060013BCDB /* Build configuration list for PBXProject "Calculator" */;
			compatibilityVersion = "Xcode 9.3";
			developmentRegion = en;
			hasScannedForEncodings = 0;
			knownRegions = (
				en,
				Base,
			);
			mainGroup = FFABBF94263FED060013BCDB;
			productRefGroup = FFABBF9E263FED060013BCDB /* Products */;
			projectDirPath = "";
			projectRoot = "";
			targets = (
				FFABBF9C263FED060013BCDB /* Calculator */,
			);
		};
/* End PBXProject section */

/* Begin PBXResourcesBuildPhase section */
		FFABBF9B263FED060013BCDB /* Resources */ = {
			isa = PBXResourcesBuildPhase;
			buildActionMask = 2147483647;
			files = (
				FFABBFAD263FED080013BCDB /* LaunchScreen.storyboard in Resources */,
				FFABBFAA263FED080013BCDB /* Assets.xcassets in Resources */,
			);
			runOnlyForDeploymentPostprocessing = 0;
		};
/* End PBXResourcesBuildPhase section */

/* Begin PBXShellScriptBuildPhase section */
		2A7975DF389BA0F048F1A58E /* [CP] Check Pods Manifest.lock */ = {
			isa = PBXShellScriptBuildPhase;
			buildActionMask = 2147483647;
			files = (
			);
			inputFileListPaths = (
			);
			inputPaths = (
				"${PODS_PODFILE_DIR_PATH}/Podfile.lock",
				"${PODS_ROOT}/Manifest.lock",
			);
			name = "[CP] Check Pods Manifest.lock";
			outputFileListPaths = (
			);
			outputPaths = (
				"$(DERIVED_FILE_DIR)/Pods-Calculator-checkManifestLockResult.txt",
			);
			runOnlyForDeploymentPostprocessing = 0;
			shellPath = /bin/sh;
			shellScript = "diff \"${PODS_PODFILE_DIR_PATH}/Podfile.lock\" \"${PODS_ROOT}/Manifest.lock\" > /dev/null\nif [ $? != 0 ] ; then\n    # print error to STDERR\n    echo \"error: The sandbox is not in sync with the Podfile.lock. Run 'pod install' or update your CocoaPods installation.\" >&2\n    exit 1\nfi\n# This output is used by Xcode 'outputs' to avoid re-running this script phase.\necho \"SUCCESS\" > \"${SCRIPT_OUTPUT_FILE_0}\"\n";
			showEnvVarsInLog = 0;
		};
		3D169D86485D452A04E75ABE /* [CP] Embed Pods Frameworks */ = {
			isa = PBXShellScriptBuildPhase;
			buildActionMask = 2147483647;
			files = (
			);
			inputFileListPaths = (
				"${PODS_ROOT}/Target Support Files/Pods-Calculator/Pods-Calculator-frameworks-${CONFIGURATION}-input-files.xcfilelist",
			);
			name = "[CP] Embed Pods Frameworks";
			outputFileListPaths = (
				"${PODS_ROOT}/Target Support Files/Pods-Calculator/Pods-Calculator-frameworks-${CONFIGURATION}-output-files.xcfilelist",
			);
			runOnlyForDeploymentPostprocessing = 0;
			shellPath = /bin/sh;
			shellScript = "\"${PODS_ROOT}/Target Support Files/Pods-Calculator/Pods-Calculator-frameworks.sh\"\n";
			showEnvVarsInLog = 0;
		};
/* End PBXShellScriptBuildPhase section */

/* Begin PBXSourcesBuildPhase section */
		FFABBF99263FED060013BCDB /* Sources */ = {
			isa = PBXSourcesBuildPhase;
			buildActionMask = 2147483647;
			files = (
				FF529ADA2648539A00C3807F /* CircleButton.swift in Sources */,
				FFABBFA1263FED060013BCDB /* AppDelegate.swift in Sources */,
				FFABBFC0263FEDA70013BCDB /* CalculatorViewController.swift in Sources */,
				FFABBFC6263FF30C0013BCDB /* chunked.swift in Sources */,
				FFABBFA3263FED060013BCDB /* SceneDelegate.swift in Sources */,
				FFABBFCB264051060013BCDB /* CalculatorViewModel.swift in Sources */,
				FFABBFD32642E3D90013BCDB /* Functions.swift in Sources */,
			);
			runOnlyForDeploymentPostprocessing = 0;
		};
/* End PBXSourcesBuildPhase section */

/* Begin PBXVariantGroup section */
		FFABBFAB263FED080013BCDB /* LaunchScreen.storyboard */ = {
			isa = PBXVariantGroup;
			children = (
				FFABBFAC263FED080013BCDB /* Base */,
			);
			name = LaunchScreen.storyboard;
			sourceTree = "<group>";
		};
/* End PBXVariantGroup section */

/* Begin XCBuildConfiguration section */
		FFABBFAF263FED080013BCDB /* Debug */ = {
			isa = XCBuildConfiguration;
			buildSettings = {
				ALWAYS_SEARCH_USER_PATHS = NO;
				CLANG_ANALYZER_NONNULL = YES;
				CLANG_ANALYZER_NUMBER_OBJECT_CONVERSION = YES_AGGRESSIVE;
				CLANG_CXX_LANGUAGE_STANDARD = "gnu++14";
				CLANG_CXX_LIBRARY = "libc++";
				CLANG_ENABLE_MODULES = YES;
				CLANG_ENABLE_OBJC_ARC = YES;
				CLANG_ENABLE_OBJC_WEAK = YES;
				CLANG_WARN_BLOCK_CAPTURE_AUTORELEASING = YES;
				CLANG_WARN_BOOL_CONVERSION = YES;
				CLANG_WARN_COMMA = YES;
				CLANG_WARN_CONSTANT_CONVERSION = YES;
				CLANG_WARN_DEPRECATED_OBJC_IMPLEMENTATIONS = YES;
				CLANG_WARN_DIRECT_OBJC_ISA_USAGE = YES_ERROR;
				CLANG_WARN_DOCUMENTATION_COMMENTS = YES;
				CLANG_WARN_EMPTY_BODY = YES;
				CLANG_WARN_ENUM_CONVERSION = YES;
				CLANG_WARN_INFINITE_RECURSION = YES;
				CLANG_WARN_INT_CONVERSION = YES;
				CLANG_WARN_NON_LITERAL_NULL_CONVERSION = YES;
				CLANG_WARN_OBJC_IMPLICIT_RETAIN_SELF = YES;
				CLANG_WARN_OBJC_LITERAL_CONVERSION = YES;
				CLANG_WARN_OBJC_ROOT_CLASS = YES_ERROR;
				CLANG_WARN_QUOTED_INCLUDE_IN_FRAMEWORK_HEADER = YES;
				CLANG_WARN_RANGE_LOOP_ANALYSIS = YES;
				CLANG_WARN_STRICT_PROTOTYPES = YES;
				CLANG_WARN_SUSPICIOUS_MOVE = YES;
				CLANG_WARN_UNGUARDED_AVAILABILITY = YES_AGGRESSIVE;
				CLANG_WARN_UNREACHABLE_CODE = YES;
				CLANG_WARN__DUPLICATE_METHOD_MATCH = YES;
				COPY_PHASE_STRIP = NO;
				DEBUG_INFORMATION_FORMAT = dwarf;
				ENABLE_STRICT_OBJC_MSGSEND = YES;
				ENABLE_TESTABILITY = YES;
				GCC_C_LANGUAGE_STANDARD = gnu11;
				GCC_DYNAMIC_NO_PIC = NO;
				GCC_NO_COMMON_BLOCKS = YES;
				GCC_OPTIMIZATION_LEVEL = 0;
				GCC_PREPROCESSOR_DEFINITIONS = (
					"DEBUG=1",
					"$(inherited)",
				);
				GCC_WARN_64_TO_32_BIT_CONVERSION = YES;
				GCC_WARN_ABOUT_RETURN_TYPE = YES_ERROR;
				GCC_WARN_UNDECLARED_SELECTOR = YES;
				GCC_WARN_UNINITIALIZED_AUTOS = YES_AGGRESSIVE;
				GCC_WARN_UNUSED_FUNCTION = YES;
				GCC_WARN_UNUSED_VARIABLE = YES;
				IPHONEOS_DEPLOYMENT_TARGET = 14.4;
				MTL_ENABLE_DEBUG_INFO = INCLUDE_SOURCE;
				MTL_FAST_MATH = YES;
				ONLY_ACTIVE_ARCH = YES;
				SDKROOT = iphoneos;
				SWIFT_ACTIVE_COMPILATION_CONDITIONS = DEBUG;
				SWIFT_OPTIMIZATION_LEVEL = "-Onone";
			};
			name = Debug;
		};
		FFABBFB0263FED080013BCDB /* Release */ = {
			isa = XCBuildConfiguration;
			buildSettings = {
				ALWAYS_SEARCH_USER_PATHS = NO;
				CLANG_ANALYZER_NONNULL = YES;
				CLANG_ANALYZER_NUMBER_OBJECT_CONVERSION = YES_AGGRESSIVE;
				CLANG_CXX_LANGUAGE_STANDARD = "gnu++14";
				CLANG_CXX_LIBRARY = "libc++";
				CLANG_ENABLE_MODULES = YES;
				CLANG_ENABLE_OBJC_ARC = YES;
				CLANG_ENABLE_OBJC_WEAK = YES;
				CLANG_WARN_BLOCK_CAPTURE_AUTORELEASING = YES;
				CLANG_WARN_BOOL_CONVERSION = YES;
				CLANG_WARN_COMMA = YES;
				CLANG_WARN_CONSTANT_CONVERSION = YES;
				CLANG_WARN_DEPRECATED_OBJC_IMPLEMENTATIONS = YES;
				CLANG_WARN_DIRECT_OBJC_ISA_USAGE = YES_ERROR;
				CLANG_WARN_DOCUMENTATION_COMMENTS = YES;
				CLANG_WARN_EMPTY_BODY = YES;
				CLANG_WARN_ENUM_CONVERSION = YES;
				CLANG_WARN_INFINITE_RECURSION = YES;
				CLANG_WARN_INT_CONVERSION = YES;
				CLANG_WARN_NON_LITERAL_NULL_CONVERSION = YES;
				CLANG_WARN_OBJC_IMPLICIT_RETAIN_SELF = YES;
				CLANG_WARN_OBJC_LITERAL_CONVERSION = YES;
				CLANG_WARN_OBJC_ROOT_CLASS = YES_ERROR;
				CLANG_WARN_QUOTED_INCLUDE_IN_FRAMEWORK_HEADER = YES;
				CLANG_WARN_RANGE_LOOP_ANALYSIS = YES;
				CLANG_WARN_STRICT_PROTOTYPES = YES;
				CLANG_WARN_SUSPICIOUS_MOVE = YES;
				CLANG_WARN_UNGUARDED_AVAILABILITY = YES_AGGRESSIVE;
				CLANG_WARN_UNREACHABLE_CODE = YES;
				CLANG_WARN__DUPLICATE_METHOD_MATCH = YES;
				COPY_PHASE_STRIP = NO;
				DEBUG_INFORMATION_FORMAT = "dwarf-with-dsym";
				ENABLE_NS_ASSERTIONS = NO;
				ENABLE_STRICT_OBJC_MSGSEND = YES;
				GCC_C_LANGUAGE_STANDARD = gnu11;
				GCC_NO_COMMON_BLOCKS = YES;
				GCC_WARN_64_TO_32_BIT_CONVERSION = YES;
				GCC_WARN_ABOUT_RETURN_TYPE = YES_ERROR;
				GCC_WARN_UNDECLARED_SELECTOR = YES;
				GCC_WARN_UNINITIALIZED_AUTOS = YES_AGGRESSIVE;
				GCC_WARN_UNUSED_FUNCTION = YES;
				GCC_WARN_UNUSED_VARIABLE = YES;
				IPHONEOS_DEPLOYMENT_TARGET = 14.4;
				MTL_ENABLE_DEBUG_INFO = NO;
				MTL_FAST_MATH = YES;
				SDKROOT = iphoneos;
				SWIFT_COMPILATION_MODE = wholemodule;
				SWIFT_OPTIMIZATION_LEVEL = "-O";
				VALIDATE_PRODUCT = YES;
			};
			name = Release;
		};
		FFABBFB2263FED080013BCDB /* Debug */ = {
			isa = XCBuildConfiguration;
			baseConfigurationReference = A9AE7BAB08D4865F392B5034 /* Pods-Calculator.debug.xcconfig */;
			buildSettings = {
				ASSETCATALOG_COMPILER_APPICON_NAME = AppIcon;
				ASSETCATALOG_COMPILER_GLOBAL_ACCENT_COLOR_NAME = AccentColor;
				CODE_SIGN_STYLE = Automatic;
				DEVELOPMENT_TEAM = T7JU69Q47J;
				INFOPLIST_FILE = Calculator/Info.plist;
				LD_RUNPATH_SEARCH_PATHS = (
					"$(inherited)",
					"@executable_path/Frameworks",
				);
				PRODUCT_BUNDLE_IDENTIFIER = RxSwift.Calculator;
				PRODUCT_NAME = "$(TARGET_NAME)";
				SWIFT_VERSION = 5.0;
				TARGETED_DEVICE_FAMILY = "1,2";
			};
			name = Debug;
		};
		FFABBFB3263FED080013BCDB /* Release */ = {
			isa = XCBuildConfiguration;
			baseConfigurationReference = 41CE2A67A58469C7FB594786 /* Pods-Calculator.release.xcconfig */;
			buildSettings = {
				ASSETCATALOG_COMPILER_APPICON_NAME = AppIcon;
				ASSETCATALOG_COMPILER_GLOBAL_ACCENT_COLOR_NAME = AccentColor;
				CODE_SIGN_STYLE = Automatic;
				DEVELOPMENT_TEAM = T7JU69Q47J;
				INFOPLIST_FILE = Calculator/Info.plist;
				LD_RUNPATH_SEARCH_PATHS = (
					"$(inherited)",
					"@executable_path/Frameworks",
				);
				PRODUCT_BUNDLE_IDENTIFIER = RxSwift.Calculator;
				PRODUCT_NAME = "$(TARGET_NAME)";
				SWIFT_VERSION = 5.0;
				TARGETED_DEVICE_FAMILY = "1,2";
			};
			name = Release;
		};
/* End XCBuildConfiguration section */

/* Begin XCConfigurationList section */
		FFABBF98263FED060013BCDB /* Build configuration list for PBXProject "Calculator" */ = {
			isa = XCConfigurationList;
			buildConfigurations = (
				FFABBFAF263FED080013BCDB /* Debug */,
				FFABBFB0263FED080013BCDB /* Release */,
			);
			defaultConfigurationIsVisible = 0;
			defaultConfigurationName = Release;
		};
		FFABBFB1263FED080013BCDB /* Build configuration list for PBXNativeTarget "Calculator" */ = {
			isa = XCConfigurationList;
			buildConfigurations = (
				FFABBFB2263FED080013BCDB /* Debug */,
				FFABBFB3263FED080013BCDB /* Release */,
			);
			defaultConfigurationIsVisible = 0;
			defaultConfigurationName = Release;
		};
/* End XCConfigurationList section */
	};
	rootObject = FFABBF95263FED060013BCDB /* Project object */;
}
