// !$*UTF8*$!
{
	archiveVersion = 1;
	classes = {
	};
	objectVersion = 51;
	objects = {

/* Begin PBXBuildFile section */
		FE2AAF872EE633E539BAD752 /* Pods_MusicApp.framework in Frameworks */ = {isa = PBXBuildFile; fileRef = D0A79AC69197D8423C381523 /* Pods_MusicApp.framework */; };
		FF387802258CA07200CACC82 /* Believer.mov in Resources */ = {isa = PBXBuildFile; fileRef = FF3877FA258CA07100CACC82 /* Believer.mov */; };
		FF387803258CA07200CACC82 /* 7 rings.mov in Resources */ = {isa = PBXBuildFile; fileRef = FF3877FB258CA07100CACC82 /* 7 rings.mov */; };
		FF387804258CA07200CACC82 /* Blue Birds.mov in Resources */ = {isa = PBXBuildFile; fileRef = FF3877FC258CA07100CACC82 /* Blue Birds.mov */; };
		FF387805258CA07200CACC82 /* thank u, next.mov in Resources */ = {isa = PBXBuildFile; fileRef = FF3877FD258CA07100CACC82 /* thank u, next.mov */; };
		FF387806258CA07200CACC82 /* Dip.mov in Resources */ = {isa = PBXBuildFile; fileRef = FF3877FE258CA07100CACC82 /* Dip.mov */; };
		FF387807258CA07200CACC82 /* The Harlem Barber Swing.mov in Resources */ = {isa = PBXBuildFile; fileRef = FF3877FF258CA07100CACC82 /* The Harlem Barber Swing.mov */; };
		FF387808258CA07200CACC82 /* Swish.mov in Resources */ = {isa = PBXBuildFile; fileRef = FF387800258CA07100CACC82 /* Swish.mov */; };
		FF387809258CA07200CACC82 /* Best Mistake.mov in Resources */ = {isa = PBXBuildFile; fileRef = FF387801258CA07100CACC82 /* Best Mistake.mov */; };
		FF59BD9A258C64E90047CC7A /* AppDelegate.swift in Sources */ = {isa = PBXBuildFile; fileRef = FF59BD99258C64E90047CC7A /* AppDelegate.swift */; };
		FF59BD9C258C64E90047CC7A /* SceneDelegate.swift in Sources */ = {isa = PBXBuildFile; fileRef = FF59BD9B258C64E90047CC7A /* SceneDelegate.swift */; };
		FF59BDA1258C64E90047CC7A /* Main.storyboard in Resources */ = {isa = PBXBuildFile; fileRef = FF59BD9F258C64E90047CC7A /* Main.storyboard */; };
		FF59BDA3258C64EC0047CC7A /* Assets.xcassets in Resources */ = {isa = PBXBuildFile; fileRef = FF59BDA2258C64EC0047CC7A /* Assets.xcassets */; };
		FF59BDA6258C64EC0047CC7A /* LaunchScreen.storyboard in Resources */ = {isa = PBXBuildFile; fileRef = FF59BDA4258C64EC0047CC7A /* LaunchScreen.storyboard */; };
		FF59BDB3258C65A50047CC7A /* TrackListViewController.swift in Sources */ = {isa = PBXBuildFile; fileRef = FF59BDB2258C65A50047CC7A /* TrackListViewController.swift */; };
		FF59BDB6258C65EC0047CC7A /* TrackModel.swift in Sources */ = {isa = PBXBuildFile; fileRef = FF59BDB5258C65EC0047CC7A /* TrackModel.swift */; };
		FF59BDB9258C6B2B0047CC7A /* MusicCell.swift in Sources */ = {isa = PBXBuildFile; fileRef = FF59BDB8258C6B2B0047CC7A /* MusicCell.swift */; };
		FF59BDC0258C7BAE0047CC7A /* PlayerVC.swift in Sources */ = {isa = PBXBuildFile; fileRef = FF59BDBF258C7BAE0047CC7A /* PlayerVC.swift */; };
/* End PBXBuildFile section */

/* Begin PBXFileReference section */
		02375D89B79F5CCB8BC89160 /* Pods-MusicApp.debug.xcconfig */ = {isa = PBXFileReference; includeInIndex = 1; lastKnownFileType = text.xcconfig; name = "Pods-MusicApp.debug.xcconfig"; path = "Target Support Files/Pods-MusicApp/Pods-MusicApp.debug.xcconfig"; sourceTree = "<group>"; };
		D0A79AC69197D8423C381523 /* Pods_MusicApp.framework */ = {isa = PBXFileReference; explicitFileType = wrapper.framework; includeInIndex = 0; path = Pods_MusicApp.framework; sourceTree = BUILT_PRODUCTS_DIR; };
		E97F5CBAF6B28CCF2A7BBD85 /* Pods-MusicApp.release.xcconfig */ = {isa = PBXFileReference; includeInIndex = 1; lastKnownFileType = text.xcconfig; name = "Pods-MusicApp.release.xcconfig"; path = "Target Support Files/Pods-MusicApp/Pods-MusicApp.release.xcconfig"; sourceTree = "<group>"; };
		FF3877FA258CA07100CACC82 /* Believer.mov */ = {isa = PBXFileReference; lastKnownFileType = video.quicktime; path = Believer.mov; sourceTree = "<group>"; };
		FF3877FB258CA07100CACC82 /* 7 rings.mov */ = {isa = PBXFileReference; lastKnownFileType = video.quicktime; path = "7 rings.mov"; sourceTree = "<group>"; };
		FF3877FC258CA07100CACC82 /* Blue Birds.mov */ = {isa = PBXFileReference; lastKnownFileType = video.quicktime; path = "Blue Birds.mov"; sourceTree = "<group>"; };
		FF3877FD258CA07100CACC82 /* thank u, next.mov */ = {isa = PBXFileReference; lastKnownFileType = video.quicktime; path = "thank u, next.mov"; sourceTree = "<group>"; };
		FF3877FE258CA07100CACC82 /* Dip.mov */ = {isa = PBXFileReference; lastKnownFileType = video.quicktime; path = Dip.mov; sourceTree = "<group>"; };
		FF3877FF258CA07100CACC82 /* The Harlem Barber Swing.mov */ = {isa = PBXFileReference; lastKnownFileType = video.quicktime; path = "The Harlem Barber Swing.mov"; sourceTree = "<group>"; };
		FF387800258CA07100CACC82 /* Swish.mov */ = {isa = PBXFileReference; lastKnownFileType = video.quicktime; path = Swish.mov; sourceTree = "<group>"; };
		FF387801258CA07100CACC82 /* Best Mistake.mov */ = {isa = PBXFileReference; lastKnownFileType = video.quicktime; path = "Best Mistake.mov"; sourceTree = "<group>"; };
		FF59BD96258C64E90047CC7A /* MusicApp.app */ = {isa = PBXFileReference; explicitFileType = wrapper.application; includeInIndex = 0; path = MusicApp.app; sourceTree = BUILT_PRODUCTS_DIR; };
		FF59BD99258C64E90047CC7A /* AppDelegate.swift */ = {isa = PBXFileReference; lastKnownFileType = sourcecode.swift; path = AppDelegate.swift; sourceTree = "<group>"; };
		FF59BD9B258C64E90047CC7A /* SceneDelegate.swift */ = {isa = PBXFileReference; lastKnownFileType = sourcecode.swift; path = SceneDelegate.swift; sourceTree = "<group>"; };
		FF59BDA0258C64E90047CC7A /* Base */ = {isa = PBXFileReference; lastKnownFileType = file.storyboard; name = Base; path = Base.lproj/Main.storyboard; sourceTree = "<group>"; };
		FF59BDA2258C64EC0047CC7A /* Assets.xcassets */ = {isa = PBXFileReference; lastKnownFileType = folder.assetcatalog; path = Assets.xcassets; sourceTree = "<group>"; };
		FF59BDA5258C64EC0047CC7A /* Base */ = {isa = PBXFileReference; lastKnownFileType = file.storyboard; name = Base; path = Base.lproj/LaunchScreen.storyboard; sourceTree = "<group>"; };
		FF59BDA7258C64EC0047CC7A /* Info.plist */ = {isa = PBXFileReference; lastKnownFileType = text.plist.xml; path = Info.plist; sourceTree = "<group>"; };
		FF59BDB2258C65A50047CC7A /* TrackListViewController.swift */ = {isa = PBXFileReference; lastKnownFileType = sourcecode.swift; path = TrackListViewController.swift; sourceTree = "<group>"; };
		FF59BDB5258C65EC0047CC7A /* TrackModel.swift */ = {isa = PBXFileReference; lastKnownFileType = sourcecode.swift; path = TrackModel.swift; sourceTree = "<group>"; };
		FF59BDB8258C6B2B0047CC7A /* MusicCell.swift */ = {isa = PBXFileReference; lastKnownFileType = sourcecode.swift; path = MusicCell.swift; sourceTree = "<group>"; };
		FF59BDBF258C7BAE0047CC7A /* PlayerVC.swift */ = {isa = PBXFileReference; lastKnownFileType = sourcecode.swift; path = PlayerVC.swift; sourceTree = "<group>"; };
/* End PBXFileReference section */

/* Begin PBXFrameworksBuildPhase section */
		FF59BD93258C64E90047CC7A /* Frameworks */ = {
			isa = PBXFrameworksBuildPhase;
			buildActionMask = 2147483647;
			files = (
				FE2AAF872EE633E539BAD752 /* Pods_MusicApp.framework in Frameworks */,
			);
			runOnlyForDeploymentPostprocessing = 0;
		};
/* End PBXFrameworksBuildPhase section */

/* Begin PBXGroup section */
		4E1267B52427A85C8E6B0748 /* Pods */ = {
			isa = PBXGroup;
			children = (
				02375D89B79F5CCB8BC89160 /* Pods-MusicApp.debug.xcconfig */,
				E97F5CBAF6B28CCF2A7BBD85 /* Pods-MusicApp.release.xcconfig */,
			);
			path = Pods;
			sourceTree = "<group>";
		};
		A44EC6AAD9F8E8B5CA8C6331 /* Frameworks */ = {
			isa = PBXGroup;
			children = (
				D0A79AC69197D8423C381523 /* Pods_MusicApp.framework */,
			);
			name = Frameworks;
			sourceTree = "<group>";
		};
		FF3877F9258CA07100CACC82 /* musics */ = {
			isa = PBXGroup;
			children = (
				FF3877FA258CA07100CACC82 /* Believer.mov */,
				FF3877FB258CA07100CACC82 /* 7 rings.mov */,
				FF3877FC258CA07100CACC82 /* Blue Birds.mov */,
				FF3877FD258CA07100CACC82 /* thank u, next.mov */,
				FF3877FE258CA07100CACC82 /* Dip.mov */,
				FF3877FF258CA07100CACC82 /* The Harlem Barber Swing.mov */,
				FF387800258CA07100CACC82 /* Swish.mov */,
				FF387801258CA07100CACC82 /* Best Mistake.mov */,
			);
			name = musics;
			path = "../../../../Downloads/모바일-앱-개발-올인원-패키지-강의자료/iOS_Basic/CH15_MusicApp/MyMusicApp/MyMusicApp/musics";
			sourceTree = "<group>";
		};
		FF59BD8D258C64E90047CC7A = {
			isa = PBXGroup;
			children = (
				FF59BD98258C64E90047CC7A /* MusicApp */,
				FF59BD97258C64E90047CC7A /* Products */,
				4E1267B52427A85C8E6B0748 /* Pods */,
				A44EC6AAD9F8E8B5CA8C6331 /* Frameworks */,
			);
			sourceTree = "<group>";
		};
		FF59BD97258C64E90047CC7A /* Products */ = {
			isa = PBXGroup;
			children = (
				FF59BD96258C64E90047CC7A /* MusicApp.app */,
			);
			name = Products;
			sourceTree = "<group>";
		};
		FF59BD98258C64E90047CC7A /* MusicApp */ = {
			isa = PBXGroup;
			children = (
				FF59BD99258C64E90047CC7A /* AppDelegate.swift */,
				FF59BD9B258C64E90047CC7A /* SceneDelegate.swift */,
				FF59BDB2258C65A50047CC7A /* TrackListViewController.swift */,
				FF59BDB8258C6B2B0047CC7A /* MusicCell.swift */,
				FF59BDBF258C7BAE0047CC7A /* PlayerVC.swift */,
				FF59BDB5258C65EC0047CC7A /* TrackModel.swift */,
				FF59BD9F258C64E90047CC7A /* Main.storyboard */,
				FF3877F9258CA07100CACC82 /* musics */,
				FF59BDA2258C64EC0047CC7A /* Assets.xcassets */,
				FF59BDA4258C64EC0047CC7A /* LaunchScreen.storyboard */,
				FF59BDA7258C64EC0047CC7A /* Info.plist */,
			);
			path = MusicApp;
			sourceTree = "<group>";
		};
/* End PBXGroup section */

/* Begin PBXNativeTarget section */
		FF59BD95258C64E90047CC7A /* MusicApp */ = {
			isa = PBXNativeTarget;
			buildConfigurationList = FF59BDAA258C64EC0047CC7A /* Build configuration list for PBXNativeTarget "MusicApp" */;
			buildPhases = (
				5DC1DCB7177FE652C2FF161D /* [CP] Check Pods Manifest.lock */,
				FF59BD92258C64E90047CC7A /* Sources */,
				FF59BD93258C64E90047CC7A /* Frameworks */,
				FF59BD94258C64E90047CC7A /* Resources */,
				0BEB8B6A13166FEB786E4710 /* [CP] Embed Pods Frameworks */,
			);
			buildRules = (
			);
			dependencies = (
			);
			name = MusicApp;
			productName = MusicApp;
			productReference = FF59BD96258C64E90047CC7A /* MusicApp.app */;
			productType = "com.apple.product-type.application";
		};
/* End PBXNativeTarget section */

/* Begin PBXProject section */
		FF59BD8E258C64E90047CC7A /* Project object */ = {
			isa = PBXProject;
			attributes = {
				LastSwiftUpdateCheck = 1210;
				LastUpgradeCheck = 1210;
				TargetAttributes = {
					FF59BD95258C64E90047CC7A = {
						CreatedOnToolsVersion = 12.1;
					};
				};
			};
			buildConfigurationList = FF59BD91258C64E90047CC7A /* Build configuration list for PBXProject "MusicApp" */;
			compatibilityVersion = "Xcode 9.3";
			developmentRegion = en;
			hasScannedForEncodings = 0;
			knownRegions = (
				en,
				Base,
			);
			mainGroup = FF59BD8D258C64E90047CC7A;
			productRefGroup = FF59BD97258C64E90047CC7A /* Products */;
			projectDirPath = "";
			projectRoot = "";
			targets = (
				FF59BD95258C64E90047CC7A /* MusicApp */,
			);
		};
/* End PBXProject section */

/* Begin PBXResourcesBuildPhase section */
		FF59BD94258C64E90047CC7A /* Resources */ = {
			isa = PBXResourcesBuildPhase;
			buildActionMask = 2147483647;
			files = (
				FF387804258CA07200CACC82 /* Blue Birds.mov in Resources */,
				FF59BDA6258C64EC0047CC7A /* LaunchScreen.storyboard in Resources */,
				FF387806258CA07200CACC82 /* Dip.mov in Resources */,
				FF387809258CA07200CACC82 /* Best Mistake.mov in Resources */,
				FF387802258CA07200CACC82 /* Believer.mov in Resources */,
				FF387803258CA07200CACC82 /* 7 rings.mov in Resources */,
				FF59BDA3258C64EC0047CC7A /* Assets.xcassets in Resources */,
				FF59BDA1258C64E90047CC7A /* Main.storyboard in Resources */,
				FF387805258CA07200CACC82 /* thank u, next.mov in Resources */,
				FF387807258CA07200CACC82 /* The Harlem Barber Swing.mov in Resources */,
				FF387808258CA07200CACC82 /* Swish.mov in Resources */,
			);
			runOnlyForDeploymentPostprocessing = 0;
		};
/* End PBXResourcesBuildPhase section */

/* Begin PBXShellScriptBuildPhase section */
		0BEB8B6A13166FEB786E4710 /* [CP] Embed Pods Frameworks */ = {
			isa = PBXShellScriptBuildPhase;
			buildActionMask = 2147483647;
			files = (
			);
			inputFileListPaths = (
				"${PODS_ROOT}/Target Support Files/Pods-MusicApp/Pods-MusicApp-frameworks-${CONFIGURATION}-input-files.xcfilelist",
			);
			name = "[CP] Embed Pods Frameworks";
			outputFileListPaths = (
				"${PODS_ROOT}/Target Support Files/Pods-MusicApp/Pods-MusicApp-frameworks-${CONFIGURATION}-output-files.xcfilelist",
			);
			runOnlyForDeploymentPostprocessing = 0;
			shellPath = /bin/sh;
			shellScript = "\"${PODS_ROOT}/Target Support Files/Pods-MusicApp/Pods-MusicApp-frameworks.sh\"\n";
			showEnvVarsInLog = 0;
		};
		5DC1DCB7177FE652C2FF161D /* [CP] Check Pods Manifest.lock */ = {
			isa = PBXShellScriptBuildPhase;
			buildActionMask = 2147483647;
			files = (
			);
			inputFileListPaths = (
			);
			inputPaths = (
				"${PODS_PODFILE_DIR_PATH}/Podfile.lock",
				"${PODS_ROOT}/Manifest.lock",
			);
			name = "[CP] Check Pods Manifest.lock";
			outputFileListPaths = (
			);
			outputPaths = (
				"$(DERIVED_FILE_DIR)/Pods-MusicApp-checkManifestLockResult.txt",
			);
			runOnlyForDeploymentPostprocessing = 0;
			shellPath = /bin/sh;
			shellScript = "diff \"${PODS_PODFILE_DIR_PATH}/Podfile.lock\" \"${PODS_ROOT}/Manifest.lock\" > /dev/null\nif [ $? != 0 ] ; then\n    # print error to STDERR\n    echo \"error: The sandbox is not in sync with the Podfile.lock. Run 'pod install' or update your CocoaPods installation.\" >&2\n    exit 1\nfi\n# This output is used by Xcode 'outputs' to avoid re-running this script phase.\necho \"SUCCESS\" > \"${SCRIPT_OUTPUT_FILE_0}\"\n";
			showEnvVarsInLog = 0;
		};
/* End PBXShellScriptBuildPhase section */

/* Begin PBXSourcesBuildPhase section */
		FF59BD92258C64E90047CC7A /* Sources */ = {
			isa = PBXSourcesBuildPhase;
			buildActionMask = 2147483647;
			files = (
				FF59BDB9258C6B2B0047CC7A /* MusicCell.swift in Sources */,
				FF59BD9A258C64E90047CC7A /* AppDelegate.swift in Sources */,
				FF59BDB6258C65EC0047CC7A /* TrackModel.swift in Sources */,
				FF59BDC0258C7BAE0047CC7A /* PlayerVC.swift in Sources */,
				FF59BD9C258C64E90047CC7A /* SceneDelegate.swift in Sources */,
				FF59BDB3258C65A50047CC7A /* TrackListViewController.swift in Sources */,
			);
			runOnlyForDeploymentPostprocessing = 0;
		};
/* End PBXSourcesBuildPhase section */

/* Begin PBXVariantGroup section */
		FF59BD9F258C64E90047CC7A /* Main.storyboard */ = {
			isa = PBXVariantGroup;
			children = (
				FF59BDA0258C64E90047CC7A /* Base */,
			);
			name = Main.storyboard;
			sourceTree = "<group>";
		};
		FF59BDA4258C64EC0047CC7A /* LaunchScreen.storyboard */ = {
			isa = PBXVariantGroup;
			children = (
				FF59BDA5258C64EC0047CC7A /* Base */,
			);
			name = LaunchScreen.storyboard;
			sourceTree = "<group>";
		};
/* End PBXVariantGroup section */

/* Begin XCBuildConfiguration section */
		FF59BDA8258C64EC0047CC7A /* Debug */ = {
			isa = XCBuildConfiguration;
			buildSettings = {
				ALWAYS_SEARCH_USER_PATHS = NO;
				CLANG_ANALYZER_NONNULL = YES;
				CLANG_ANALYZER_NUMBER_OBJECT_CONVERSION = YES_AGGRESSIVE;
				CLANG_CXX_LANGUAGE_STANDARD = "gnu++14";
				CLANG_CXX_LIBRARY = "libc++";
				CLANG_ENABLE_MODULES = YES;
				CLANG_ENABLE_OBJC_ARC = YES;
				CLANG_ENABLE_OBJC_WEAK = YES;
				CLANG_WARN_BLOCK_CAPTURE_AUTORELEASING = YES;
				CLANG_WARN_BOOL_CONVERSION = YES;
				CLANG_WARN_COMMA = YES;
				CLANG_WARN_CONSTANT_CONVERSION = YES;
				CLANG_WARN_DEPRECATED_OBJC_IMPLEMENTATIONS = YES;
				CLANG_WARN_DIRECT_OBJC_ISA_USAGE = YES_ERROR;
				CLANG_WARN_DOCUMENTATION_COMMENTS = YES;
				CLANG_WARN_EMPTY_BODY = YES;
				CLANG_WARN_ENUM_CONVERSION = YES;
				CLANG_WARN_INFINITE_RECURSION = YES;
				CLANG_WARN_INT_CONVERSION = YES;
				CLANG_WARN_NON_LITERAL_NULL_CONVERSION = YES;
				CLANG_WARN_OBJC_IMPLICIT_RETAIN_SELF = YES;
				CLANG_WARN_OBJC_LITERAL_CONVERSION = YES;
				CLANG_WARN_OBJC_ROOT_CLASS = YES_ERROR;
				CLANG_WARN_QUOTED_INCLUDE_IN_FRAMEWORK_HEADER = YES;
				CLANG_WARN_RANGE_LOOP_ANALYSIS = YES;
				CLANG_WARN_STRICT_PROTOTYPES = YES;
				CLANG_WARN_SUSPICIOUS_MOVE = YES;
				CLANG_WARN_UNGUARDED_AVAILABILITY = YES_AGGRESSIVE;
				CLANG_WARN_UNREACHABLE_CODE = YES;
				CLANG_WARN__DUPLICATE_METHOD_MATCH = YES;
				COPY_PHASE_STRIP = NO;
				DEBUG_INFORMATION_FORMAT = dwarf;
				ENABLE_STRICT_OBJC_MSGSEND = YES;
				ENABLE_TESTABILITY = YES;
				GCC_C_LANGUAGE_STANDARD = gnu11;
				GCC_DYNAMIC_NO_PIC = NO;
				GCC_NO_COMMON_BLOCKS = YES;
				GCC_OPTIMIZATION_LEVEL = 0;
				GCC_PREPROCESSOR_DEFINITIONS = (
					"DEBUG=1",
					"$(inherited)",
				);
				GCC_WARN_64_TO_32_BIT_CONVERSION = YES;
				GCC_WARN_ABOUT_RETURN_TYPE = YES_ERROR;
				GCC_WARN_UNDECLARED_SELECTOR = YES;
				GCC_WARN_UNINITIALIZED_AUTOS = YES_AGGRESSIVE;
				GCC_WARN_UNUSED_FUNCTION = YES;
				GCC_WARN_UNUSED_VARIABLE = YES;
				IPHONEOS_DEPLOYMENT_TARGET = 14.1;
				MTL_ENABLE_DEBUG_INFO = INCLUDE_SOURCE;
				MTL_FAST_MATH = YES;
				ONLY_ACTIVE_ARCH = YES;
				SDKROOT = iphoneos;
				SWIFT_ACTIVE_COMPILATION_CONDITIONS = DEBUG;
				SWIFT_OPTIMIZATION_LEVEL = "-Onone";
			};
			name = Debug;
		};
		FF59BDA9258C64EC0047CC7A /* Release */ = {
			isa = XCBuildConfiguration;
			buildSettings = {
				ALWAYS_SEARCH_USER_PATHS = NO;
				CLANG_ANALYZER_NONNULL = YES;
				CLANG_ANALYZER_NUMBER_OBJECT_CONVERSION = YES_AGGRESSIVE;
				CLANG_CXX_LANGUAGE_STANDARD = "gnu++14";
				CLANG_CXX_LIBRARY = "libc++";
				CLANG_ENABLE_MODULES = YES;
				CLANG_ENABLE_OBJC_ARC = YES;
				CLANG_ENABLE_OBJC_WEAK = YES;
				CLANG_WARN_BLOCK_CAPTURE_AUTORELEASING = YES;
				CLANG_WARN_BOOL_CONVERSION = YES;
				CLANG_WARN_COMMA = YES;
				CLANG_WARN_CONSTANT_CONVERSION = YES;
				CLANG_WARN_DEPRECATED_OBJC_IMPLEMENTATIONS = YES;
				CLANG_WARN_DIRECT_OBJC_ISA_USAGE = YES_ERROR;
				CLANG_WARN_DOCUMENTATION_COMMENTS = YES;
				CLANG_WARN_EMPTY_BODY = YES;
				CLANG_WARN_ENUM_CONVERSION = YES;
				CLANG_WARN_INFINITE_RECURSION = YES;
				CLANG_WARN_INT_CONVERSION = YES;
				CLANG_WARN_NON_LITERAL_NULL_CONVERSION = YES;
				CLANG_WARN_OBJC_IMPLICIT_RETAIN_SELF = YES;
				CLANG_WARN_OBJC_LITERAL_CONVERSION = YES;
				CLANG_WARN_OBJC_ROOT_CLASS = YES_ERROR;
				CLANG_WARN_QUOTED_INCLUDE_IN_FRAMEWORK_HEADER = YES;
				CLANG_WARN_RANGE_LOOP_ANALYSIS = YES;
				CLANG_WARN_STRICT_PROTOTYPES = YES;
				CLANG_WARN_SUSPICIOUS_MOVE = YES;
				CLANG_WARN_UNGUARDED_AVAILABILITY = YES_AGGRESSIVE;
				CLANG_WARN_UNREACHABLE_CODE = YES;
				CLANG_WARN__DUPLICATE_METHOD_MATCH = YES;
				COPY_PHASE_STRIP = NO;
				DEBUG_INFORMATION_FORMAT = "dwarf-with-dsym";
				ENABLE_NS_ASSERTIONS = NO;
				ENABLE_STRICT_OBJC_MSGSEND = YES;
				GCC_C_LANGUAGE_STANDARD = gnu11;
				GCC_NO_COMMON_BLOCKS = YES;
				GCC_WARN_64_TO_32_BIT_CONVERSION = YES;
				GCC_WARN_ABOUT_RETURN_TYPE = YES_ERROR;
				GCC_WARN_UNDECLARED_SELECTOR = YES;
				GCC_WARN_UNINITIALIZED_AUTOS = YES_AGGRESSIVE;
				GCC_WARN_UNUSED_FUNCTION = YES;
				GCC_WARN_UNUSED_VARIABLE = YES;
				IPHONEOS_DEPLOYMENT_TARGET = 14.1;
				MTL_ENABLE_DEBUG_INFO = NO;
				MTL_FAST_MATH = YES;
				SDKROOT = iphoneos;
				SWIFT_COMPILATION_MODE = wholemodule;
				SWIFT_OPTIMIZATION_LEVEL = "-O";
				VALIDATE_PRODUCT = YES;
			};
			name = Release;
		};
		FF59BDAB258C64EC0047CC7A /* Debug */ = {
			isa = XCBuildConfiguration;
			baseConfigurationReference = 02375D89B79F5CCB8BC89160 /* Pods-MusicApp.debug.xcconfig */;
			buildSettings = {
				ASSETCATALOG_COMPILER_APPICON_NAME = AppIcon;
				ASSETCATALOG_COMPILER_GLOBAL_ACCENT_COLOR_NAME = AccentColor;
				CODE_SIGN_STYLE = Automatic;
				INFOPLIST_FILE = MusicApp/Info.plist;
				LD_RUNPATH_SEARCH_PATHS = (
					"$(inherited)",
					"@executable_path/Frameworks",
				);
				PRODUCT_BUNDLE_IDENTIFIER = selfProject.MusicApp;
				PRODUCT_NAME = "$(TARGET_NAME)";
				SWIFT_VERSION = 5.0;
				TARGETED_DEVICE_FAMILY = "1,2";
			};
			name = Debug;
		};
		FF59BDAC258C64EC0047CC7A /* Release */ = {
			isa = XCBuildConfiguration;
			baseConfigurationReference = E97F5CBAF6B28CCF2A7BBD85 /* Pods-MusicApp.release.xcconfig */;
			buildSettings = {
				ASSETCATALOG_COMPILER_APPICON_NAME = AppIcon;
				ASSETCATALOG_COMPILER_GLOBAL_ACCENT_COLOR_NAME = AccentColor;
				CODE_SIGN_STYLE = Automatic;
				INFOPLIST_FILE = MusicApp/Info.plist;
				LD_RUNPATH_SEARCH_PATHS = (
					"$(inherited)",
					"@executable_path/Frameworks",
				);
				PRODUCT_BUNDLE_IDENTIFIER = selfProject.MusicApp;
				PRODUCT_NAME = "$(TARGET_NAME)";
				SWIFT_VERSION = 5.0;
				TARGETED_DEVICE_FAMILY = "1,2";
			};
			name = Release;
		};
/* End XCBuildConfiguration section */

/* Begin XCConfigurationList section */
		FF59BD91258C64E90047CC7A /* Build configuration list for PBXProject "MusicApp" */ = {
			isa = XCConfigurationList;
			buildConfigurations = (
				FF59BDA8258C64EC0047CC7A /* Debug */,
				FF59BDA9258C64EC0047CC7A /* Release */,
			);
			defaultConfigurationIsVisible = 0;
			defaultConfigurationName = Release;
		};
		FF59BDAA258C64EC0047CC7A /* Build configuration list for PBXNativeTarget "MusicApp" */ = {
			isa = XCConfigurationList;
			buildConfigurations = (
				FF59BDAB258C64EC0047CC7A /* Debug */,
				FF59BDAC258C64EC0047CC7A /* Release */,
			);
			defaultConfigurationIsVisible = 0;
			defaultConfigurationName = Release;
		};
/* End XCConfigurationList section */
	};
	rootObject = FF59BD8E258C64E90047CC7A /* Project object */;
}
